// !$*UTF8*$!
{
	archiveVersion = 1;
	classes = {
	};
	objectVersion = 56;
	objects = {

/* Begin PBXBuildFile section */
		C35F14B92C8EE11100356C56 /* IABG_Game_UMAApp.swift in Sources */ = {isa = PBXBuildFile; fileRef = C35F14B82C8EE11100356C56 /* IABG_Game_UMAApp.swift */; };
		C35F14BB2C8EE11100356C56 /* ContentView.swift in Sources */ = {isa = PBXBuildFile; fileRef = C35F14BA2C8EE11100356C56 /* ContentView.swift */; };
		C35F14BD2C8EE11200356C56 /* Assets.xcassets in Resources */ = {isa = PBXBuildFile; fileRef = C35F14BC2C8EE11200356C56 /* Assets.xcassets */; };
		C35F14C02C8EE11200356C56 /* Preview Assets.xcassets in Resources */ = {isa = PBXBuildFile; fileRef = C35F14BF2C8EE11200356C56 /* Preview Assets.xcassets */; };
		C35F14CA2C8EE11200356C56 /* IABG_Game_UMATests.swift in Sources */ = {isa = PBXBuildFile; fileRef = C35F14C92C8EE11200356C56 /* IABG_Game_UMATests.swift */; };
		C35F14D42C8EE11200356C56 /* IABG_Game_UMAUITests.swift in Sources */ = {isa = PBXBuildFile; fileRef = C35F14D32C8EE11200356C56 /* IABG_Game_UMAUITests.swift */; };
		C35F14D62C8EE11200356C56 /* IABG_Game_UMAUITestsLaunchTests.swift in Sources */ = {isa = PBXBuildFile; fileRef = C35F14D52C8EE11200356C56 /* IABG_Game_UMAUITestsLaunchTests.swift */; };
		C35F14E32C8F086400356C56 /* IABG-Game-UMA-Info.plist in Resources */ = {isa = PBXBuildFile; fileRef = C35F14E22C8F086400356C56 /* IABG-Game-UMA-Info.plist */; };
		C35F14E72C8F09D400356C56 /* Lottie in Frameworks */ = {isa = PBXBuildFile; productRef = C35F14E62C8F09D400356C56 /* Lottie */; };
		C35F14E92C8F49EE00356C56 /* Localizable.xcstrings in Resources */ = {isa = PBXBuildFile; fileRef = C35F14E82C8F49EE00356C56 /* Localizable.xcstrings */; };
/* End PBXBuildFile section */

/* Begin PBXContainerItemProxy section */
		C35F14C62C8EE11200356C56 /* PBXContainerItemProxy */ = {
			isa = PBXContainerItemProxy;
			containerPortal = C35F14AD2C8EE11100356C56 /* Project object */;
			proxyType = 1;
			remoteGlobalIDString = C35F14B42C8EE11100356C56;
			remoteInfo = "IABG Game UMA";
		};
		C35F14D02C8EE11200356C56 /* PBXContainerItemProxy */ = {
			isa = PBXContainerItemProxy;
			containerPortal = C35F14AD2C8EE11100356C56 /* Project object */;
			proxyType = 1;
			remoteGlobalIDString = C35F14B42C8EE11100356C56;
			remoteInfo = "IABG Game UMA";
		};
/* End PBXContainerItemProxy section */

/* Begin PBXFileReference section */
		C35F14B52C8EE11100356C56 /* IABG Game UMA.app */ = {isa = PBXFileReference; explicitFileType = wrapper.application; includeInIndex = 0; path = "IABG Game UMA.app"; sourceTree = BUILT_PRODUCTS_DIR; };
		C35F14B82C8EE11100356C56 /* IABG_Game_UMAApp.swift */ = {isa = PBXFileReference; lastKnownFileType = sourcecode.swift; path = IABG_Game_UMAApp.swift; sourceTree = "<group>"; };
		C35F14BA2C8EE11100356C56 /* ContentView.swift */ = {isa = PBXFileReference; lastKnownFileType = sourcecode.swift; path = ContentView.swift; sourceTree = "<group>"; };
		C35F14BC2C8EE11200356C56 /* Assets.xcassets */ = {isa = PBXFileReference; lastKnownFileType = folder.assetcatalog; path = Assets.xcassets; sourceTree = "<group>"; };
		C35F14BF2C8EE11200356C56 /* Preview Assets.xcassets */ = {isa = PBXFileReference; lastKnownFileType = folder.assetcatalog; path = "Preview Assets.xcassets"; sourceTree = "<group>"; };
		C35F14C52C8EE11200356C56 /* IABG Game UMATests.xctest */ = {isa = PBXFileReference; explicitFileType = wrapper.cfbundle; includeInIndex = 0; path = "IABG Game UMATests.xctest"; sourceTree = BUILT_PRODUCTS_DIR; };
		C35F14C92C8EE11200356C56 /* IABG_Game_UMATests.swift */ = {isa = PBXFileReference; lastKnownFileType = sourcecode.swift; path = IABG_Game_UMATests.swift; sourceTree = "<group>"; };
		C35F14CF2C8EE11200356C56 /* IABG Game UMAUITests.xctest */ = {isa = PBXFileReference; explicitFileType = wrapper.cfbundle; includeInIndex = 0; path = "IABG Game UMAUITests.xctest"; sourceTree = BUILT_PRODUCTS_DIR; };
		C35F14D32C8EE11200356C56 /* IABG_Game_UMAUITests.swift */ = {isa = PBXFileReference; lastKnownFileType = sourcecode.swift; path = IABG_Game_UMAUITests.swift; sourceTree = "<group>"; };
		C35F14D52C8EE11200356C56 /* IABG_Game_UMAUITestsLaunchTests.swift */ = {isa = PBXFileReference; lastKnownFileType = sourcecode.swift; path = IABG_Game_UMAUITestsLaunchTests.swift; sourceTree = "<group>"; };
		C35F14E22C8F086400356C56 /* IABG-Game-UMA-Info.plist */ = {isa = PBXFileReference; lastKnownFileType = text.plist.xml; path = "IABG-Game-UMA-Info.plist"; sourceTree = "<group>"; };
		C35F14E82C8F49EE00356C56 /* Localizable.xcstrings */ = {isa = PBXFileReference; lastKnownFileType = text.json.xcstrings; path = Localizable.xcstrings; sourceTree = "<group>"; };
/* End PBXFileReference section */

/* Begin PBXFrameworksBuildPhase section */
		C35F14B22C8EE11100356C56 /* Frameworks */ = {
			isa = PBXFrameworksBuildPhase;
			buildActionMask = 2147483647;
			files = (
				C35F14E72C8F09D400356C56 /* Lottie in Frameworks */,
			);
			runOnlyForDeploymentPostprocessing = 0;
		};
		C35F14C22C8EE11200356C56 /* Frameworks */ = {
			isa = PBXFrameworksBuildPhase;
			buildActionMask = 2147483647;
			files = (
			);
			runOnlyForDeploymentPostprocessing = 0;
		};
		C35F14CC2C8EE11200356C56 /* Frameworks */ = {
			isa = PBXFrameworksBuildPhase;
			buildActionMask = 2147483647;
			files = (
			);
			runOnlyForDeploymentPostprocessing = 0;
		};
/* End PBXFrameworksBuildPhase section */

/* Begin PBXGroup section */
		C35F14AC2C8EE11100356C56 = {
			isa = PBXGroup;
			children = (
				C35F14B72C8EE11100356C56 /* IABG Game UMA */,
				C35F14C82C8EE11200356C56 /* IABG Game UMATests */,
				C35F14D22C8EE11200356C56 /* IABG Game UMAUITests */,
				C35F14B62C8EE11100356C56 /* Products */,
			);
			sourceTree = "<group>";
		};
		C35F14B62C8EE11100356C56 /* Products */ = {
			isa = PBXGroup;
			children = (
				C35F14B52C8EE11100356C56 /* IABG Game UMA.app */,
				C35F14C52C8EE11200356C56 /* IABG Game UMATests.xctest */,
				C35F14CF2C8EE11200356C56 /* IABG Game UMAUITests.xctest */,
			);
			name = Products;
			sourceTree = "<group>";
		};
		C35F14B72C8EE11100356C56 /* IABG Game UMA */ = {
			isa = PBXGroup;
			children = (
				C35F14E22C8F086400356C56 /* IABG-Game-UMA-Info.plist */,
				C35F14B82C8EE11100356C56 /* IABG_Game_UMAApp.swift */,
				C35F14BA2C8EE11100356C56 /* ContentView.swift */,
				C35F14BC2C8EE11200356C56 /* Assets.xcassets */,
				C35F14BE2C8EE11200356C56 /* Preview Content */,
				C35F14E82C8F49EE00356C56 /* Localizable.xcstrings */,
			);
			path = "IABG Game UMA";
			sourceTree = "<group>";
		};
		C35F14BE2C8EE11200356C56 /* Preview Content */ = {
			isa = PBXGroup;
			children = (
				C35F14BF2C8EE11200356C56 /* Preview Assets.xcassets */,
			);
			path = "Preview Content";
			sourceTree = "<group>";
		};
		C35F14C82C8EE11200356C56 /* IABG Game UMATests */ = {
			isa = PBXGroup;
			children = (
				C35F14C92C8EE11200356C56 /* IABG_Game_UMATests.swift */,
			);
			path = "IABG Game UMATests";
			sourceTree = "<group>";
		};
		C35F14D22C8EE11200356C56 /* IABG Game UMAUITests */ = {
			isa = PBXGroup;
			children = (
				C35F14D32C8EE11200356C56 /* IABG_Game_UMAUITests.swift */,
				C35F14D52C8EE11200356C56 /* IABG_Game_UMAUITestsLaunchTests.swift */,
			);
			path = "IABG Game UMAUITests";
			sourceTree = "<group>";
		};
/* End PBXGroup section */

/* Begin PBXNativeTarget section */
		C35F14B42C8EE11100356C56 /* IABG Game UMA */ = {
			isa = PBXNativeTarget;
			buildConfigurationList = C35F14D92C8EE11200356C56 /* Build configuration list for PBXNativeTarget "IABG Game UMA" */;
			buildPhases = (
				C35F14B12C8EE11100356C56 /* Sources */,
				C35F14B22C8EE11100356C56 /* Frameworks */,
				C35F14B32C8EE11100356C56 /* Resources */,
			);
			buildRules = (
			);
			dependencies = (
			);
			name = "IABG Game UMA";
			packageProductDependencies = (
				C35F14E62C8F09D400356C56 /* Lottie */,
			);
			productName = "IABG Game UMA";
			productReference = C35F14B52C8EE11100356C56 /* IABG Game UMA.app */;
			productType = "com.apple.product-type.application";
		};
		C35F14C42C8EE11200356C56 /* IABG Game UMATests */ = {
			isa = PBXNativeTarget;
			buildConfigurationList = C35F14DC2C8EE11200356C56 /* Build configuration list for PBXNativeTarget "IABG Game UMATests" */;
			buildPhases = (
				C35F14C12C8EE11200356C56 /* Sources */,
				C35F14C22C8EE11200356C56 /* Frameworks */,
				C35F14C32C8EE11200356C56 /* Resources */,
			);
			buildRules = (
			);
			dependencies = (
				C35F14C72C8EE11200356C56 /* PBXTargetDependency */,
			);
			name = "IABG Game UMATests";
			productName = "IABG Game UMATests";
			productReference = C35F14C52C8EE11200356C56 /* IABG Game UMATests.xctest */;
			productType = "com.apple.product-type.bundle.unit-test";
		};
		C35F14CE2C8EE11200356C56 /* IABG Game UMAUITests */ = {
			isa = PBXNativeTarget;
			buildConfigurationList = C35F14DF2C8EE11200356C56 /* Build configuration list for PBXNativeTarget "IABG Game UMAUITests" */;
			buildPhases = (
				C35F14CB2C8EE11200356C56 /* Sources */,
				C35F14CC2C8EE11200356C56 /* Frameworks */,
				C35F14CD2C8EE11200356C56 /* Resources */,
			);
			buildRules = (
			);
			dependencies = (
				C35F14D12C8EE11200356C56 /* PBXTargetDependency */,
			);
			name = "IABG Game UMAUITests";
			productName = "IABG Game UMAUITests";
			productReference = C35F14CF2C8EE11200356C56 /* IABG Game UMAUITests.xctest */;
			productType = "com.apple.product-type.bundle.ui-testing";
		};
/* End PBXNativeTarget section */

/* Begin PBXProject section */
		C35F14AD2C8EE11100356C56 /* Project object */ = {
			isa = PBXProject;
			attributes = {
				BuildIndependentTargetsInParallel = 1;
				LastSwiftUpdateCheck = 1520;
				LastUpgradeCheck = 1520;
				TargetAttributes = {
					C35F14B42C8EE11100356C56 = {
						CreatedOnToolsVersion = 15.2;
					};
					C35F14C42C8EE11200356C56 = {
						CreatedOnToolsVersion = 15.2;
						TestTargetID = C35F14B42C8EE11100356C56;
					};
					C35F14CE2C8EE11200356C56 = {
						CreatedOnToolsVersion = 15.2;
						TestTargetID = C35F14B42C8EE11100356C56;
					};
				};
			};
			buildConfigurationList = C35F14B02C8EE11100356C56 /* Build configuration list for PBXProject "IABG Game UMA" */;
			compatibilityVersion = "Xcode 14.0";
			developmentRegion = en;
			hasScannedForEncodings = 0;
			knownRegions = (
				en,
				es,
			);
			mainGroup = C35F14AC2C8EE11100356C56;
			packageReferences = (
				C35F14E42C8F09BD00356C56 /* XCRemoteSwiftPackageReference "firebase-ios-sdk" */,
				C35F14E52C8F09D400356C56 /* XCRemoteSwiftPackageReference "lottie-spm" */,
			);
			productRefGroup = C35F14B62C8EE11100356C56 /* Products */;
			projectDirPath = "";
			projectRoot = "";
			targets = (
				C35F14B42C8EE11100356C56 /* IABG Game UMA */,
				C35F14C42C8EE11200356C56 /* IABG Game UMATests */,
				C35F14CE2C8EE11200356C56 /* IABG Game UMAUITests */,
			);
		};
/* End PBXProject section */

/* Begin PBXResourcesBuildPhase section */
		C35F14B32C8EE11100356C56 /* Resources */ = {
			isa = PBXResourcesBuildPhase;
			buildActionMask = 2147483647;
			files = (
				C35F14E32C8F086400356C56 /* IABG-Game-UMA-Info.plist in Resources */,
				C35F14C02C8EE11200356C56 /* Preview Assets.xcassets in Resources */,
				C35F14E92C8F49EE00356C56 /* Localizable.xcstrings in Resources */,
				C35F14BD2C8EE11200356C56 /* Assets.xcassets in Resources */,
			);
			runOnlyForDeploymentPostprocessing = 0;
		};
		C35F14C32C8EE11200356C56 /* Resources */ = {
			isa = PBXResourcesBuildPhase;
			buildActionMask = 2147483647;
			files = (
			);
			runOnlyForDeploymentPostprocessing = 0;
		};
		C35F14CD2C8EE11200356C56 /* Resources */ = {
			isa = PBXResourcesBuildPhase;
			buildActionMask = 2147483647;
			files = (
			);
			runOnlyForDeploymentPostprocessing = 0;
		};
/* End PBXResourcesBuildPhase section */

/* Begin PBXSourcesBuildPhase section */
		C35F14B12C8EE11100356C56 /* Sources */ = {
			isa = PBXSourcesBuildPhase;
			buildActionMask = 2147483647;
			files = (
				C35F14BB2C8EE11100356C56 /* ContentView.swift in Sources */,
				C35F14B92C8EE11100356C56 /* IABG_Game_UMAApp.swift in Sources */,
			);
			runOnlyForDeploymentPostprocessing = 0;
		};
		C35F14C12C8EE11200356C56 /* Sources */ = {
			isa = PBXSourcesBuildPhase;
			buildActionMask = 2147483647;
			files = (
				C35F14CA2C8EE11200356C56 /* IABG_Game_UMATests.swift in Sources */,
			);
			runOnlyForDeploymentPostprocessing = 0;
		};
		C35F14CB2C8EE11200356C56 /* Sources */ = {
			isa = PBXSourcesBuildPhase;
			buildActionMask = 2147483647;
			files = (
				C35F14D42C8EE11200356C56 /* IABG_Game_UMAUITests.swift in Sources */,
				C35F14D62C8EE11200356C56 /* IABG_Game_UMAUITestsLaunchTests.swift in Sources */,
			);
			runOnlyForDeploymentPostprocessing = 0;
		};
/* End PBXSourcesBuildPhase section */

/* Begin PBXTargetDependency section */
		C35F14C72C8EE11200356C56 /* PBXTargetDependency */ = {
			isa = PBXTargetDependency;
			target = C35F14B42C8EE11100356C56 /* IABG Game UMA */;
			targetProxy = C35F14C62C8EE11200356C56 /* PBXContainerItemProxy */;
		};
		C35F14D12C8EE11200356C56 /* PBXTargetDependency */ = {
			isa = PBXTargetDependency;
			target = C35F14B42C8EE11100356C56 /* IABG Game UMA */;
			targetProxy = C35F14D02C8EE11200356C56 /* PBXContainerItemProxy */;
		};
/* End PBXTargetDependency section */

/* Begin XCBuildConfiguration section */
		C35F14D72C8EE11200356C56 /* Debug */ = {
			isa = XCBuildConfiguration;
			buildSettings = {
				ALWAYS_SEARCH_USER_PATHS = NO;
				ASSETCATALOG_COMPILER_GENERATE_SWIFT_ASSET_SYMBOL_EXTENSIONS = YES;
				CLANG_ANALYZER_NONNULL = YES;
				CLANG_ANALYZER_NUMBER_OBJECT_CONVERSION = YES_AGGRESSIVE;
				CLANG_CXX_LANGUAGE_STANDARD = "gnu++20";
				CLANG_ENABLE_MODULES = YES;
				CLANG_ENABLE_OBJC_ARC = YES;
				CLANG_ENABLE_OBJC_WEAK = YES;
				CLANG_WARN_BLOCK_CAPTURE_AUTORELEASING = YES;
				CLANG_WARN_BOOL_CONVERSION = YES;
				CLANG_WARN_COMMA = YES;
				CLANG_WARN_CONSTANT_CONVERSION = YES;
				CLANG_WARN_DEPRECATED_OBJC_IMPLEMENTATIONS = YES;
				CLANG_WARN_DIRECT_OBJC_ISA_USAGE = YES_ERROR;
				CLANG_WARN_DOCUMENTATION_COMMENTS = YES;
				CLANG_WARN_EMPTY_BODY = YES;
				CLANG_WARN_ENUM_CONVERSION = YES;
				CLANG_WARN_INFINITE_RECURSION = YES;
				CLANG_WARN_INT_CONVERSION = YES;
				CLANG_WARN_NON_LITERAL_NULL_CONVERSION = YES;
				CLANG_WARN_OBJC_IMPLICIT_RETAIN_SELF = YES;
				CLANG_WARN_OBJC_LITERAL_CONVERSION = YES;
				CLANG_WARN_OBJC_ROOT_CLASS = YES_ERROR;
				CLANG_WARN_QUOTED_INCLUDE_IN_FRAMEWORK_HEADER = YES;
				CLANG_WARN_RANGE_LOOP_ANALYSIS = YES;
				CLANG_WARN_STRICT_PROTOTYPES = YES;
				CLANG_WARN_SUSPICIOUS_MOVE = YES;
				CLANG_WARN_UNGUARDED_AVAILABILITY = YES_AGGRESSIVE;
				CLANG_WARN_UNREACHABLE_CODE = YES;
				CLANG_WARN__DUPLICATE_METHOD_MATCH = YES;
				COPY_PHASE_STRIP = NO;
				DEBUG_INFORMATION_FORMAT = dwarf;
				ENABLE_STRICT_OBJC_MSGSEND = YES;
				ENABLE_TESTABILITY = YES;
				ENABLE_USER_SCRIPT_SANDBOXING = YES;
				GCC_C_LANGUAGE_STANDARD = gnu17;
				GCC_DYNAMIC_NO_PIC = NO;
				GCC_NO_COMMON_BLOCKS = YES;
				GCC_OPTIMIZATION_LEVEL = 0;
				GCC_PREPROCESSOR_DEFINITIONS = (
					"DEBUG=1",
					"$(inherited)",
				);
				GCC_WARN_64_TO_32_BIT_CONVERSION = YES;
				GCC_WARN_ABOUT_RETURN_TYPE = YES_ERROR;
				GCC_WARN_UNDECLARED_SELECTOR = YES;
				GCC_WARN_UNINITIALIZED_AUTOS = YES_AGGRESSIVE;
				GCC_WARN_UNUSED_FUNCTION = YES;
				GCC_WARN_UNUSED_VARIABLE = YES;
				IPHONEOS_DEPLOYMENT_TARGET = 17.2;
				LOCALIZATION_PREFERS_STRING_CATALOGS = YES;
				MTL_ENABLE_DEBUG_INFO = INCLUDE_SOURCE;
				MTL_FAST_MATH = YES;
				ONLY_ACTIVE_ARCH = YES;
				SDKROOT = iphoneos;
				SWIFT_ACTIVE_COMPILATION_CONDITIONS = "DEBUG $(inherited)";
				SWIFT_OPTIMIZATION_LEVEL = "-Onone";
			};
			name = Debug;
		};
		C35F14D82C8EE11200356C56 /* Release */ = {
			isa = XCBuildConfiguration;
			buildSettings = {
				ALWAYS_SEARCH_USER_PATHS = NO;
				ASSETCATALOG_COMPILER_GENERATE_SWIFT_ASSET_SYMBOL_EXTENSIONS = YES;
				CLANG_ANALYZER_NONNULL = YES;
				CLANG_ANALYZER_NUMBER_OBJECT_CONVERSION = YES_AGGRESSIVE;
				CLANG_CXX_LANGUAGE_STANDARD = "gnu++20";
				CLANG_ENABLE_MODULES = YES;
				CLANG_ENABLE_OBJC_ARC = YES;
				CLANG_ENABLE_OBJC_WEAK = YES;
				CLANG_WARN_BLOCK_CAPTURE_AUTORELEASING = YES;
				CLANG_WARN_BOOL_CONVERSION = YES;
				CLANG_WARN_COMMA = YES;
				CLANG_WARN_CONSTANT_CONVERSION = YES;
				CLANG_WARN_DEPRECATED_OBJC_IMPLEMENTATIONS = YES;
				CLANG_WARN_DIRECT_OBJC_ISA_USAGE = YES_ERROR;
				CLANG_WARN_DOCUMENTATION_COMMENTS = YES;
				CLANG_WARN_EMPTY_BODY = YES;
				CLANG_WARN_ENUM_CONVERSION = YES;
				CLANG_WARN_INFINITE_RECURSION = YES;
				CLANG_WARN_INT_CONVERSION = YES;
				CLANG_WARN_NON_LITERAL_NULL_CONVERSION = YES;
				CLANG_WARN_OBJC_IMPLICIT_RETAIN_SELF = YES;
				CLANG_WARN_OBJC_LITERAL_CONVERSION = YES;
				CLANG_WARN_OBJC_ROOT_CLASS = YES_ERROR;
				CLANG_WARN_QUOTED_INCLUDE_IN_FRAMEWORK_HEADER = YES;
				CLANG_WARN_RANGE_LOOP_ANALYSIS = YES;
				CLANG_WARN_STRICT_PROTOTYPES = YES;
				CLANG_WARN_SUSPICIOUS_MOVE = YES;
				CLANG_WARN_UNGUARDED_AVAILABILITY = YES_AGGRESSIVE;
				CLANG_WARN_UNREACHABLE_CODE = YES;
				CLANG_WARN__DUPLICATE_METHOD_MATCH = YES;
				COPY_PHASE_STRIP = NO;
				DEBUG_INFORMATION_FORMAT = "dwarf-with-dsym";
				ENABLE_NS_ASSERTIONS = NO;
				ENABLE_STRICT_OBJC_MSGSEND = YES;
				ENABLE_USER_SCRIPT_SANDBOXING = YES;
				GCC_C_LANGUAGE_STANDARD = gnu17;
				GCC_NO_COMMON_BLOCKS = YES;
				GCC_WARN_64_TO_32_BIT_CONVERSION = YES;
				GCC_WARN_ABOUT_RETURN_TYPE = YES_ERROR;
				GCC_WARN_UNDECLARED_SELECTOR = YES;
				GCC_WARN_UNINITIALIZED_AUTOS = YES_AGGRESSIVE;
				GCC_WARN_UNUSED_FUNCTION = YES;
				GCC_WARN_UNUSED_VARIABLE = YES;
				IPHONEOS_DEPLOYMENT_TARGET = 17.2;
				LOCALIZATION_PREFERS_STRING_CATALOGS = YES;
				MTL_ENABLE_DEBUG_INFO = NO;
				MTL_FAST_MATH = YES;
				SDKROOT = iphoneos;
				SWIFT_COMPILATION_MODE = wholemodule;
				VALIDATE_PRODUCT = YES;
			};
			name = Release;
		};
		C35F14DA2C8EE11200356C56 /* Debug */ = {
			isa = XCBuildConfiguration;
			buildSettings = {
				ASSETCATALOG_COMPILER_APPICON_NAME = AppIcon;
				ASSETCATALOG_COMPILER_GLOBAL_ACCENT_COLOR_NAME = AccentColor;
				CODE_SIGN_STYLE = Automatic;
				CURRENT_PROJECT_VERSION = 1;
				DEVELOPMENT_ASSET_PATHS = "\"IABG Game UMA/Preview Content\"";
				DEVELOPMENT_TEAM = PJWZUAKUU6;
				ENABLE_PREVIEWS = YES;
				GENERATE_INFOPLIST_FILE = YES;
				INFOPLIST_KEY_UIApplicationSceneManifest_Generation = YES;
				INFOPLIST_KEY_UIApplicationSupportsIndirectInputEvents = YES;
				INFOPLIST_KEY_UILaunchScreen_Generation = YES;
				INFOPLIST_KEY_UISupportedInterfaceOrientations_iPad = "UIInterfaceOrientationPortrait UIInterfaceOrientationPortraitUpsideDown UIInterfaceOrientationLandscapeLeft UIInterfaceOrientationLandscapeRight";
				INFOPLIST_KEY_UISupportedInterfaceOrientations_iPhone = "UIInterfaceOrientationPortrait UIInterfaceOrientationLandscapeLeft UIInterfaceOrientationLandscapeRight";
				LD_RUNPATH_SEARCH_PATHS = (
					"$(inherited)",
					"@executable_path/Frameworks",
				);
				MARKETING_VERSION = 1.0;
				PRODUCT_BUNDLE_IDENTIFIER = "dsgUMA.IABG-Game-UMA";
				PRODUCT_NAME = "$(TARGET_NAME)";
				SWIFT_EMIT_LOC_STRINGS = YES;
				SWIFT_VERSION = 5.0;
				TARGETED_DEVICE_FAMILY = "1,2";
			};
			name = Debug;
		};
		C35F14DB2C8EE11200356C56 /* Release */ = {
			isa = XCBuildConfiguration;
			buildSettings = {
				ASSETCATALOG_COMPILER_APPICON_NAME = AppIcon;
				ASSETCATALOG_COMPILER_GLOBAL_ACCENT_COLOR_NAME = AccentColor;
				CODE_SIGN_STYLE = Automatic;
				CURRENT_PROJECT_VERSION = 1;
				DEVELOPMENT_ASSET_PATHS = "\"IABG Game UMA/Preview Content\"";
				DEVELOPMENT_TEAM = PJWZUAKUU6;
				ENABLE_PREVIEWS = YES;
				GENERATE_INFOPLIST_FILE = YES;
				INFOPLIST_KEY_UIApplicationSceneManifest_Generation = YES;
				INFOPLIST_KEY_UIApplicationSupportsIndirectInputEvents = YES;
				INFOPLIST_KEY_UILaunchScreen_Generation = YES;
				INFOPLIST_KEY_UISupportedInterfaceOrientations_iPad = "UIInterfaceOrientationPortrait UIInterfaceOrientationPortraitUpsideDown UIInterfaceOrientationLandscapeLeft UIInterfaceOrientationLandscapeRight";
				INFOPLIST_KEY_UISupportedInterfaceOrientations_iPhone = "UIInterfaceOrientationPortrait UIInterfaceOrientationLandscapeLeft UIInterfaceOrientationLandscapeRight";
				LD_RUNPATH_SEARCH_PATHS = (
					"$(inherited)",
					"@executable_path/Frameworks",
				);
				MARKETING_VERSION = 1.0;
				PRODUCT_BUNDLE_IDENTIFIER = "dsgUMA.IABG-Game-UMA";
				PRODUCT_NAME = "$(TARGET_NAME)";
				SWIFT_EMIT_LOC_STRINGS = YES;
				SWIFT_VERSION = 5.0;
				TARGETED_DEVICE_FAMILY = "1,2";
			};
			name = Release;
		};
		C35F14DD2C8EE11200356C56 /* Debug */ = {
			isa = XCBuildConfiguration;
			buildSettings = {
				ALWAYS_EMBED_SWIFT_STANDARD_LIBRARIES = YES;
				BUNDLE_LOADER = "$(TEST_HOST)";
				CODE_SIGN_STYLE = Automatic;
				CURRENT_PROJECT_VERSION = 1;
				DEVELOPMENT_TEAM = PJWZUAKUU6;
				GENERATE_INFOPLIST_FILE = YES;
				IPHONEOS_DEPLOYMENT_TARGET = 17.2;
				MARKETING_VERSION = 1.0;
				PRODUCT_BUNDLE_IDENTIFIER = "dsgUMA.IABG-Game-UMATests";
				PRODUCT_NAME = "$(TARGET_NAME)";
				SWIFT_EMIT_LOC_STRINGS = NO;
				SWIFT_VERSION = 5.0;
				TARGETED_DEVICE_FAMILY = "1,2";
				TEST_HOST = "$(BUILT_PRODUCTS_DIR)/IABG Game UMA.app/$(BUNDLE_EXECUTABLE_FOLDER_PATH)/IABG Game UMA";
			};
			name = Debug;
		};
		C35F14DE2C8EE11200356C56 /* Release */ = {
			isa = XCBuildConfiguration;
			buildSettings = {
				ALWAYS_EMBED_SWIFT_STANDARD_LIBRARIES = YES;
				BUNDLE_LOADER = "$(TEST_HOST)";
				CODE_SIGN_STYLE = Automatic;
				CURRENT_PROJECT_VERSION = 1;
				DEVELOPMENT_TEAM = PJWZUAKUU6;
				GENERATE_INFOPLIST_FILE = YES;
				IPHONEOS_DEPLOYMENT_TARGET = 17.2;
				MARKETING_VERSION = 1.0;
				PRODUCT_BUNDLE_IDENTIFIER = "dsgUMA.IABG-Game-UMATests";
				PRODUCT_NAME = "$(TARGET_NAME)";
				SWIFT_EMIT_LOC_STRINGS = NO;
				SWIFT_VERSION = 5.0;
				TARGETED_DEVICE_FAMILY = "1,2";
				TEST_HOST = "$(BUILT_PRODUCTS_DIR)/IABG Game UMA.app/$(BUNDLE_EXECUTABLE_FOLDER_PATH)/IABG Game UMA";
			};
			name = Release;
		};
		C35F14E02C8EE11200356C56 /* Debug */ = {
			isa = XCBuildConfiguration;
			buildSettings = {
				ALWAYS_EMBED_SWIFT_STANDARD_LIBRARIES = YES;
				CODE_SIGN_STYLE = Automatic;
				CURRENT_PROJECT_VERSION = 1;
				DEVELOPMENT_TEAM = PJWZUAKUU6;
				GENERATE_INFOPLIST_FILE = YES;
				MARKETING_VERSION = 1.0;
				PRODUCT_BUNDLE_IDENTIFIER = "dsgUMA.IABG-Game-UMAUITests";
				PRODUCT_NAME = "$(TARGET_NAME)";
				SWIFT_EMIT_LOC_STRINGS = NO;
				SWIFT_VERSION = 5.0;
				TARGETED_DEVICE_FAMILY = "1,2";
				TEST_TARGET_NAME = "IABG Game UMA";
			};
			name = Debug;
		};
		C35F14E12C8EE11200356C56 /* Release */ = {
			isa = XCBuildConfiguration;
			buildSettings = {
				ALWAYS_EMBED_SWIFT_STANDARD_LIBRARIES = YES;
				CODE_SIGN_STYLE = Automatic;
				CURRENT_PROJECT_VERSION = 1;
				DEVELOPMENT_TEAM = PJWZUAKUU6;
				GENERATE_INFOPLIST_FILE = YES;
				MARKETING_VERSION = 1.0;
				PRODUCT_BUNDLE_IDENTIFIER = "dsgUMA.IABG-Game-UMAUITests";
				PRODUCT_NAME = "$(TARGET_NAME)";
				SWIFT_EMIT_LOC_STRINGS = NO;
				SWIFT_VERSION = 5.0;
				TARGETED_DEVICE_FAMILY = "1,2";
				TEST_TARGET_NAME = "IABG Game UMA";
			};
			name = Release;
		};
/* End XCBuildConfiguration section */

/* Begin XCConfigurationList section */
		C35F14B02C8EE11100356C56 /* Build configuration list for PBXProject "IABG Game UMA" */ = {
			isa = XCConfigurationList;
			buildConfigurations = (
				C35F14D72C8EE11200356C56 /* Debug */,
				C35F14D82C8EE11200356C56 /* Release */,
			);
			defaultConfigurationIsVisible = 0;
			defaultConfigurationName = Release;
		};
		C35F14D92C8EE11200356C56 /* Build configuration list for PBXNativeTarget "IABG Game UMA" */ = {
			isa = XCConfigurationList;
			buildConfigurations = (
				C35F14DA2C8EE11200356C56 /* Debug */,
				C35F14DB2C8EE11200356C56 /* Release */,
			);
			defaultConfigurationIsVisible = 0;
			defaultConfigurationName = Release;
		};
		C35F14DC2C8EE11200356C56 /* Build configuration list for PBXNativeTarget "IABG Game UMATests" */ = {
			isa = XCConfigurationList;
			buildConfigurations = (
				C35F14DD2C8EE11200356C56 /* Debug */,
				C35F14DE2C8EE11200356C56 /* Release */,
			);
			defaultConfigurationIsVisible = 0;
			defaultConfigurationName = Release;
		};
		C35F14DF2C8EE11200356C56 /* Build configuration list for PBXNativeTarget "IABG Game UMAUITests" */ = {
			isa = XCConfigurationList;
			buildConfigurations = (
				C35F14E02C8EE11200356C56 /* Debug */,
				C35F14E12C8EE11200356C56 /* Release */,
			);
			defaultConfigurationIsVisible = 0;
			defaultConfigurationName = Release;
		};
/* End XCConfigurationList section */

/* Begin XCRemoteSwiftPackageReference section */
		C35F14E42C8F09BD00356C56 /* XCRemoteSwiftPackageReference "firebase-ios-sdk" */ = {
			isa = XCRemoteSwiftPackageReference;
			repositoryURL = "https://github.com/firebase/firebase-ios-sdk";
			requirement = {
				kind = upToNextMajorVersion;
				minimumVersion = 11.1.0;
			};
		};
		C35F14E52C8F09D400356C56 /* XCRemoteSwiftPackageReference "lottie-spm" */ = {
			isa = XCRemoteSwiftPackageReference;
			repositoryURL = "https://github.com/airbnb/lottie-spm.git";
			requirement = {
				kind = upToNextMajorVersion;
				minimumVersion = 4.5.0;
			};
		};
/* End XCRemoteSwiftPackageReference section */

/* Begin XCSwiftPackageProductDependency section */
		C35F14E62C8F09D400356C56 /* Lottie */ = {
			isa = XCSwiftPackageProductDependency;
			package = C35F14E52C8F09D400356C56 /* XCRemoteSwiftPackageReference "lottie-spm" */;
			productName = Lottie;
		};
/* End XCSwiftPackageProductDependency section */
	};
	rootObject = C35F14AD2C8EE11100356C56 /* Project object */;
}
