// !$*UTF8*$!
{
	archiveVersion = 1;
	classes = {
	};
	objectVersion = 56;
	objects = {

/* Begin PBXBuildFile section */
		C30ABC612CEE45C100E2A50C /* RegisterView.swift in Sources */ = {isa = PBXBuildFile; fileRef = C30ABC602CEE45C100E2A50C /* RegisterView.swift */; };
		C312D39E2D2C682F0057F354 /* IABG-Game-UMA-Info.plist in Resources */ = {isa = PBXBuildFile; fileRef = C312D39C2D2C656F0057F354 /* IABG-Game-UMA-Info.plist */; };
		C312D39F2D2C682F0057F354 /* IABG-Game-UMA-Info.plist in Resources */ = {isa = PBXBuildFile; fileRef = C312D39C2D2C656F0057F354 /* IABG-Game-UMA-Info.plist */; };
		C34E49372D307E9F00DFF544 /* Alert.swift in Sources */ = {isa = PBXBuildFile; fileRef = C34E49362D307E9B00DFF544 /* Alert.swift */; };
		C34E49382D307E9F00DFF544 /* Alert.swift in Sources */ = {isa = PBXBuildFile; fileRef = C34E49362D307E9B00DFF544 /* Alert.swift */; };
		C35546372D1C2A4D0035DCCF /* GameView.swift in Sources */ = {isa = PBXBuildFile; fileRef = C35546362D1C2A490035DCCF /* GameView.swift */; };
		C35546382D1C2A4D0035DCCF /* GameView.swift in Sources */ = {isa = PBXBuildFile; fileRef = C35546362D1C2A490035DCCF /* GameView.swift */; };
		C355463B2D1C2DBE0035DCCF /* GameScene.swift in Sources */ = {isa = PBXBuildFile; fileRef = C355463A2D1C2DB90035DCCF /* GameScene.swift */; };
		C355463C2D1C2DBE0035DCCF /* GameScene.swift in Sources */ = {isa = PBXBuildFile; fileRef = C355463A2D1C2DB90035DCCF /* GameScene.swift */; };
		C355463E2D1C2F340035DCCF /* GameModel.swift in Sources */ = {isa = PBXBuildFile; fileRef = C355463D2D1C2F2E0035DCCF /* GameModel.swift */; };
		C355463F2D1C2F340035DCCF /* GameModel.swift in Sources */ = {isa = PBXBuildFile; fileRef = C355463D2D1C2F2E0035DCCF /* GameModel.swift */; };
		C35546412D1C2F840035DCCF /* Random.swift in Sources */ = {isa = PBXBuildFile; fileRef = C35546402D1C2F770035DCCF /* Random.swift */; };
		C35546422D1C2F840035DCCF /* Random.swift in Sources */ = {isa = PBXBuildFile; fileRef = C35546402D1C2F770035DCCF /* Random.swift */; };
		C35546442D1C3E0B0035DCCF /* EndGameView.swift in Sources */ = {isa = PBXBuildFile; fileRef = C35546432D1C3E050035DCCF /* EndGameView.swift */; };
		C35546452D1C3E0B0035DCCF /* EndGameView.swift in Sources */ = {isa = PBXBuildFile; fileRef = C35546432D1C3E050035DCCF /* EndGameView.swift */; };
		C35546472D1C6D0F0035DCCF /* GridResult.swift in Sources */ = {isa = PBXBuildFile; fileRef = C35546462D1C6D0B0035DCCF /* GridResult.swift */; };
		C35546482D1C6D0F0035DCCF /* GridResult.swift in Sources */ = {isa = PBXBuildFile; fileRef = C35546462D1C6D0B0035DCCF /* GridResult.swift */; };
		C355464A2D1C6F350035DCCF /* ResultinfoView.swift in Sources */ = {isa = PBXBuildFile; fileRef = C35546492D1C6F2E0035DCCF /* ResultinfoView.swift */; };
		C355464B2D1C6F350035DCCF /* ResultinfoView.swift in Sources */ = {isa = PBXBuildFile; fileRef = C35546492D1C6F2E0035DCCF /* ResultinfoView.swift */; };
		C355464D2D1C73CA0035DCCF /* EndGameVM.swift in Sources */ = {isa = PBXBuildFile; fileRef = C355464C2D1C73C20035DCCF /* EndGameVM.swift */; };
		C355464E2D1C73CA0035DCCF /* EndGameVM.swift in Sources */ = {isa = PBXBuildFile; fileRef = C355464C2D1C73C20035DCCF /* EndGameVM.swift */; };
		C35F14B92C8EE11100356C56 /* IABG_Game_UMAApp.swift in Sources */ = {isa = PBXBuildFile; fileRef = C35F14B82C8EE11100356C56 /* IABG_Game_UMAApp.swift */; };
		C35F14BB2C8EE11100356C56 /* ContentView.swift in Sources */ = {isa = PBXBuildFile; fileRef = C35F14BA2C8EE11100356C56 /* ContentView.swift */; };
		C35F14BD2C8EE11200356C56 /* Assets.xcassets in Resources */ = {isa = PBXBuildFile; fileRef = C35F14BC2C8EE11200356C56 /* Assets.xcassets */; };
		C35F14C02C8EE11200356C56 /* Preview Assets.xcassets in Resources */ = {isa = PBXBuildFile; fileRef = C35F14BF2C8EE11200356C56 /* Preview Assets.xcassets */; };
		C35F14CA2C8EE11200356C56 /* IABG_Game_UMATests.swift in Sources */ = {isa = PBXBuildFile; fileRef = C35F14C92C8EE11200356C56 /* IABG_Game_UMATests.swift */; };
		C35F14D42C8EE11200356C56 /* IABG_Game_UMAUITests.swift in Sources */ = {isa = PBXBuildFile; fileRef = C35F14D32C8EE11200356C56 /* IABG_Game_UMAUITests.swift */; };
		C35F14D62C8EE11200356C56 /* IABG_Game_UMAUITestsLaunchTests.swift in Sources */ = {isa = PBXBuildFile; fileRef = C35F14D52C8EE11200356C56 /* IABG_Game_UMAUITestsLaunchTests.swift */; };
		C35F14E72C8F09D400356C56 /* Lottie in Frameworks */ = {isa = PBXBuildFile; productRef = C35F14E62C8F09D400356C56 /* Lottie */; };
		C35F14E92C8F49EE00356C56 /* Localizable.xcstrings in Resources */ = {isa = PBXBuildFile; fileRef = C35F14E82C8F49EE00356C56 /* Localizable.xcstrings */; };
		C369AE6D2D08430100280B45 /* HeaderBar.swift in Sources */ = {isa = PBXBuildFile; fileRef = C369AE6C2D0842F800280B45 /* HeaderBar.swift */; };
		C369AE6E2D08430100280B45 /* HeaderBar.swift in Sources */ = {isa = PBXBuildFile; fileRef = C369AE6C2D0842F800280B45 /* HeaderBar.swift */; };
		C369AE702D0843FC00280B45 /* ToggleStyles.swift in Sources */ = {isa = PBXBuildFile; fileRef = C369AE6F2D0843F500280B45 /* ToggleStyles.swift */; };
		C369AE712D0843FC00280B45 /* ToggleStyles.swift in Sources */ = {isa = PBXBuildFile; fileRef = C369AE6F2D0843F500280B45 /* ToggleStyles.swift */; };
		C38CC1AD2D2B0B5500B75499 /* MainMenuAPI.swift in Sources */ = {isa = PBXBuildFile; fileRef = C38CC1AC2D2B0B4C00B75499 /* MainMenuAPI.swift */; };
		C38CC1AE2D2B0B5500B75499 /* MainMenuAPI.swift in Sources */ = {isa = PBXBuildFile; fileRef = C38CC1AC2D2B0B4C00B75499 /* MainMenuAPI.swift */; };
		C38CC1B02D2B0FD600B75499 /* BaseAPI.swift in Sources */ = {isa = PBXBuildFile; fileRef = C38CC1AF2D2B0FD200B75499 /* BaseAPI.swift */; };
		C38CC1B12D2B0FD600B75499 /* BaseAPI.swift in Sources */ = {isa = PBXBuildFile; fileRef = C38CC1AF2D2B0FD200B75499 /* BaseAPI.swift */; };
		C38CC1B62D2B107200B75499 /* EndGameAPI.swift in Sources */ = {isa = PBXBuildFile; fileRef = C38CC1B52D2B106B00B75499 /* EndGameAPI.swift */; };
		C38CC1B72D2B107200B75499 /* EndGameAPI.swift in Sources */ = {isa = PBXBuildFile; fileRef = C38CC1B52D2B106B00B75499 /* EndGameAPI.swift */; };
		C3A731972D19C4D200308B98 /* MainMenuModel.swift in Sources */ = {isa = PBXBuildFile; fileRef = C3A731962D19C4CD00308B98 /* MainMenuModel.swift */; };
		C3A731982D19C4D200308B98 /* MainMenuModel.swift in Sources */ = {isa = PBXBuildFile; fileRef = C3A731962D19C4CD00308B98 /* MainMenuModel.swift */; };
		C3A7319A2D19CA6700308B98 /* Avatar.swift in Sources */ = {isa = PBXBuildFile; fileRef = C3A731992D19CA6200308B98 /* Avatar.swift */; };
		C3A7319B2D19CA6700308B98 /* Avatar.swift in Sources */ = {isa = PBXBuildFile; fileRef = C3A731992D19CA6200308B98 /* Avatar.swift */; };
		C3B0EA402D205AB7000E2474 /* StatisticsView.swift in Sources */ = {isa = PBXBuildFile; fileRef = C3B0EA3F2D205AAA000E2474 /* StatisticsView.swift */; };
		C3B0EA412D205AB7000E2474 /* StatisticsView.swift in Sources */ = {isa = PBXBuildFile; fileRef = C3B0EA3F2D205AAA000E2474 /* StatisticsView.swift */; };
		C3B0EA432D205C61000E2474 /* StatisticsVM.swift in Sources */ = {isa = PBXBuildFile; fileRef = C3B0EA422D205C5A000E2474 /* StatisticsVM.swift */; };
		C3B0EA442D205C61000E2474 /* StatisticsVM.swift in Sources */ = {isa = PBXBuildFile; fileRef = C3B0EA422D205C5A000E2474 /* StatisticsVM.swift */; };
		C3B0EA462D206399000E2474 /* ProfileView.swift in Sources */ = {isa = PBXBuildFile; fileRef = C3B0EA452D206395000E2474 /* ProfileView.swift */; };
		C3B0EA472D206399000E2474 /* ProfileView.swift in Sources */ = {isa = PBXBuildFile; fileRef = C3B0EA452D206395000E2474 /* ProfileView.swift */; };
		C3B0EA492D206DD5000E2474 /* ProfileVM.swift in Sources */ = {isa = PBXBuildFile; fileRef = C3B0EA482D206DD0000E2474 /* ProfileVM.swift */; };
		C3B0EA4A2D206DD5000E2474 /* ProfileVM.swift in Sources */ = {isa = PBXBuildFile; fileRef = C3B0EA482D206DD0000E2474 /* ProfileVM.swift */; };
		C3B0EA4C2D207076000E2474 /* Image.swift in Sources */ = {isa = PBXBuildFile; fileRef = C3B0EA4B2D207074000E2474 /* Image.swift */; };
		C3B0EA4D2D207076000E2474 /* Image.swift in Sources */ = {isa = PBXBuildFile; fileRef = C3B0EA4B2D207074000E2474 /* Image.swift */; };
		C3B4C3C12CB5A3B00075B638 /* LoginAPI.swift in Sources */ = {isa = PBXBuildFile; fileRef = C3B4C3C02CB5A3B00075B638 /* LoginAPI.swift */; };
		C3B4C3C22CB5A3B00075B638 /* LoginAPI.swift in Sources */ = {isa = PBXBuildFile; fileRef = C3B4C3C02CB5A3B00075B638 /* LoginAPI.swift */; };
		C3B4C3C42CB5A5A50075B638 /* APIServices.swift in Sources */ = {isa = PBXBuildFile; fileRef = C3B4C3C32CB5A5A50075B638 /* APIServices.swift */; };
		C3B4C3C52CB5A5A50075B638 /* APIServices.swift in Sources */ = {isa = PBXBuildFile; fileRef = C3B4C3C32CB5A5A50075B638 /* APIServices.swift */; };
		C3BD48852D186C0000EFA9DF /* ForgotPassView.swift in Sources */ = {isa = PBXBuildFile; fileRef = C3BD48842D186BF700EFA9DF /* ForgotPassView.swift */; };
		C3BD48862D186C0000EFA9DF /* ForgotPassView.swift in Sources */ = {isa = PBXBuildFile; fileRef = C3BD48842D186BF700EFA9DF /* ForgotPassView.swift */; };
		C3BD48882D187E0700EFA9DF /* MainMenuView.swift in Sources */ = {isa = PBXBuildFile; fileRef = C3BD48872D187DFE00EFA9DF /* MainMenuView.swift */; };
		C3BD48892D187E0700EFA9DF /* MainMenuView.swift in Sources */ = {isa = PBXBuildFile; fileRef = C3BD48872D187DFE00EFA9DF /* MainMenuView.swift */; };
		C3BD488B2D18926600EFA9DF /* MainMenuVM.swift in Sources */ = {isa = PBXBuildFile; fileRef = C3BD488A2D18925E00EFA9DF /* MainMenuVM.swift */; };
		C3BD488C2D18926600EFA9DF /* MainMenuVM.swift in Sources */ = {isa = PBXBuildFile; fileRef = C3BD488A2D18925E00EFA9DF /* MainMenuVM.swift */; };
		C3BDAB322CB6EC3100A2F752 /* String+Additions.swift in Sources */ = {isa = PBXBuildFile; fileRef = C3BDAB312CB6EC3100A2F752 /* String+Additions.swift */; };
		C3C199452C91E8B00059AA26 /* AppDelegate.swift in Sources */ = {isa = PBXBuildFile; fileRef = C3C199442C91E8B00059AA26 /* AppDelegate.swift */; };
		C3C199462C91E8CC0059AA26 /* AppDelegate.swift in Sources */ = {isa = PBXBuildFile; fileRef = C3C199442C91E8B00059AA26 /* AppDelegate.swift */; };
		C3C199482C91EF830059AA26 /* UserDefaults+Adittions.swift in Sources */ = {isa = PBXBuildFile; fileRef = C3C199472C91EF830059AA26 /* UserDefaults+Adittions.swift */; };
		C3C199492C91EF850059AA26 /* UserDefaults+Adittions.swift in Sources */ = {isa = PBXBuildFile; fileRef = C3C199472C91EF830059AA26 /* UserDefaults+Adittions.swift */; };
		C3C1994F2C91F2110059AA26 /* LevelModel.swift in Sources */ = {isa = PBXBuildFile; fileRef = C3C1994E2C91F2110059AA26 /* LevelModel.swift */; };
		C3C199502C91F2110059AA26 /* LevelModel.swift in Sources */ = {isa = PBXBuildFile; fileRef = C3C1994E2C91F2110059AA26 /* LevelModel.swift */; };
		C3C199802C91F7E80059AA26 /* UserModel.swift in Sources */ = {isa = PBXBuildFile; fileRef = C3C1997F2C91F7E80059AA26 /* UserModel.swift */; };
		C3C199812C91F7E80059AA26 /* UserModel.swift in Sources */ = {isa = PBXBuildFile; fileRef = C3C1997F2C91F7E80059AA26 /* UserModel.swift */; };
		C3C199892C91F8900059AA26 /* LoginView.swift in Sources */ = {isa = PBXBuildFile; fileRef = C3C199882C91F8900059AA26 /* LoginView.swift */; };
		C3C1998A2C91F8900059AA26 /* LoginView.swift in Sources */ = {isa = PBXBuildFile; fileRef = C3C199882C91F8900059AA26 /* LoginView.swift */; };
		C3C1998C2C91F89A0059AA26 /* SplashView.swift in Sources */ = {isa = PBXBuildFile; fileRef = C3C1998B2C91F89A0059AA26 /* SplashView.swift */; };
		C3C1998D2C91F89A0059AA26 /* SplashView.swift in Sources */ = {isa = PBXBuildFile; fileRef = C3C1998B2C91F89A0059AA26 /* SplashView.swift */; };
		C3C199902C91FC2B0059AA26 /* SplashGift.json in Resources */ = {isa = PBXBuildFile; fileRef = C3C1998F2C91FC2B0059AA26 /* SplashGift.json */; };
		C3C199912C91FC2B0059AA26 /* SplashGift.json in Resources */ = {isa = PBXBuildFile; fileRef = C3C1998F2C91FC2B0059AA26 /* SplashGift.json */; };
		C3C199932C91FC810059AA26 /* LottieVM.swift in Sources */ = {isa = PBXBuildFile; fileRef = C3C199922C91FC810059AA26 /* LottieVM.swift */; };
		C3C199942C91FC810059AA26 /* LottieVM.swift in Sources */ = {isa = PBXBuildFile; fileRef = C3C199922C91FC810059AA26 /* LottieVM.swift */; };
		C3CA18092CB44B1200A6AF00 /* Constants.swift in Sources */ = {isa = PBXBuildFile; fileRef = C3CA18082CB44B1200A6AF00 /* Constants.swift */; };
		C3CA180A2CB44B1200A6AF00 /* Constants.swift in Sources */ = {isa = PBXBuildFile; fileRef = C3CA18082CB44B1200A6AF00 /* Constants.swift */; };
		C3CA180C2CB44E2C00A6AF00 /* LoginVM.swift in Sources */ = {isa = PBXBuildFile; fileRef = C3CA180B2CB44E2C00A6AF00 /* LoginVM.swift */; };
		C3CA180D2CB44E2C00A6AF00 /* LoginVM.swift in Sources */ = {isa = PBXBuildFile; fileRef = C3CA180B2CB44E2C00A6AF00 /* LoginVM.swift */; };
		C3CA180F2CB4519300A6AF00 /* Buttons.swift in Sources */ = {isa = PBXBuildFile; fileRef = C3CA180E2CB4519300A6AF00 /* Buttons.swift */; };
		C3CA18102CB4519300A6AF00 /* Buttons.swift in Sources */ = {isa = PBXBuildFile; fileRef = C3CA180E2CB4519300A6AF00 /* Buttons.swift */; };
		C3CA18132CB451CE00A6AF00 /* TextField.swift in Sources */ = {isa = PBXBuildFile; fileRef = C3CA18122CB451CE00A6AF00 /* TextField.swift */; };
		C3CA18142CB451CE00A6AF00 /* TextField.swift in Sources */ = {isa = PBXBuildFile; fileRef = C3CA18122CB451CE00A6AF00 /* TextField.swift */; };
		C3CA18162CB46D3400A6AF00 /* Validations.swift in Sources */ = {isa = PBXBuildFile; fileRef = C3CA18152CB46D3400A6AF00 /* Validations.swift */; };
		C3CA18172CB46D3400A6AF00 /* Validations.swift in Sources */ = {isa = PBXBuildFile; fileRef = C3CA18152CB46D3400A6AF00 /* Validations.swift */; };
		C3DFA7662CDBE31F004F18E2 /* GoogleService-Info.plist in Resources */ = {isa = PBXBuildFile; fileRef = C3DFA7652CDBE31F004F18E2 /* GoogleService-Info.plist */; };
		C3DFA7692CDBE46C004F18E2 /* FirebaseAuth in Frameworks */ = {isa = PBXBuildFile; productRef = C3DFA7682CDBE46C004F18E2 /* FirebaseAuth */; };
		C3DFA76B2CDBE46C004F18E2 /* FirebaseFirestore in Frameworks */ = {isa = PBXBuildFile; productRef = C3DFA76A2CDBE46C004F18E2 /* FirebaseFirestore */; };
		C3DFA76D2CDBE46C004F18E2 /* FirebaseStorage in Frameworks */ = {isa = PBXBuildFile; productRef = C3DFA76C2CDBE46C004F18E2 /* FirebaseStorage */; };
		C3DFA76F2CDBE4DE004F18E2 /* FirebaseAuth in Frameworks */ = {isa = PBXBuildFile; productRef = C3DFA76E2CDBE4DE004F18E2 /* FirebaseAuth */; };
		C3DFA7712CDBE4DE004F18E2 /* FirebaseFirestore in Frameworks */ = {isa = PBXBuildFile; productRef = C3DFA7702CDBE4DE004F18E2 /* FirebaseFirestore */; };
		C3DFA7732CDBE4DE004F18E2 /* FirebaseStorage in Frameworks */ = {isa = PBXBuildFile; productRef = C3DFA7722CDBE4DE004F18E2 /* FirebaseStorage */; };
/* End PBXBuildFile section */

/* Begin PBXContainerItemProxy section */
		C35F14C62C8EE11200356C56 /* PBXContainerItemProxy */ = {
			isa = PBXContainerItemProxy;
			containerPortal = C35F14AD2C8EE11100356C56 /* Project object */;
			proxyType = 1;
			remoteGlobalIDString = C35F14B42C8EE11100356C56;
			remoteInfo = "IABG Game UMA";
		};
		C35F14D02C8EE11200356C56 /* PBXContainerItemProxy */ = {
			isa = PBXContainerItemProxy;
			containerPortal = C35F14AD2C8EE11100356C56 /* Project object */;
			proxyType = 1;
			remoteGlobalIDString = C35F14B42C8EE11100356C56;
			remoteInfo = "IABG Game UMA";
		};
/* End PBXContainerItemProxy section */

/* Begin PBXFileReference section */
		C30ABC602CEE45C100E2A50C /* RegisterView.swift */ = {isa = PBXFileReference; lastKnownFileType = sourcecode.swift; path = RegisterView.swift; sourceTree = "<group>"; };
		C312D39C2D2C656F0057F354 /* IABG-Game-UMA-Info.plist */ = {isa = PBXFileReference; lastKnownFileType = text.plist.xml; path = "IABG-Game-UMA-Info.plist"; sourceTree = "<group>"; };
		C34E49362D307E9B00DFF544 /* Alert.swift */ = {isa = PBXFileReference; lastKnownFileType = sourcecode.swift; path = Alert.swift; sourceTree = "<group>"; };
		C35546362D1C2A490035DCCF /* GameView.swift */ = {isa = PBXFileReference; lastKnownFileType = sourcecode.swift; path = GameView.swift; sourceTree = "<group>"; };
		C355463A2D1C2DB90035DCCF /* GameScene.swift */ = {isa = PBXFileReference; lastKnownFileType = sourcecode.swift; path = GameScene.swift; sourceTree = "<group>"; };
		C355463D2D1C2F2E0035DCCF /* GameModel.swift */ = {isa = PBXFileReference; lastKnownFileType = sourcecode.swift; path = GameModel.swift; sourceTree = "<group>"; };
		C35546402D1C2F770035DCCF /* Random.swift */ = {isa = PBXFileReference; lastKnownFileType = sourcecode.swift; path = Random.swift; sourceTree = "<group>"; };
		C35546432D1C3E050035DCCF /* EndGameView.swift */ = {isa = PBXFileReference; lastKnownFileType = sourcecode.swift; path = EndGameView.swift; sourceTree = "<group>"; };
		C35546462D1C6D0B0035DCCF /* GridResult.swift */ = {isa = PBXFileReference; lastKnownFileType = sourcecode.swift; path = GridResult.swift; sourceTree = "<group>"; };
		C35546492D1C6F2E0035DCCF /* ResultinfoView.swift */ = {isa = PBXFileReference; lastKnownFileType = sourcecode.swift; path = ResultinfoView.swift; sourceTree = "<group>"; };
		C355464C2D1C73C20035DCCF /* EndGameVM.swift */ = {isa = PBXFileReference; lastKnownFileType = sourcecode.swift; path = EndGameVM.swift; sourceTree = "<group>"; };
		C35F14B52C8EE11100356C56 /* IABG Game UMA.app */ = {isa = PBXFileReference; explicitFileType = wrapper.application; includeInIndex = 0; path = "IABG Game UMA.app"; sourceTree = BUILT_PRODUCTS_DIR; };
		C35F14B82C8EE11100356C56 /* IABG_Game_UMAApp.swift */ = {isa = PBXFileReference; lastKnownFileType = sourcecode.swift; path = IABG_Game_UMAApp.swift; sourceTree = "<group>"; };
		C35F14BA2C8EE11100356C56 /* ContentView.swift */ = {isa = PBXFileReference; lastKnownFileType = sourcecode.swift; path = ContentView.swift; sourceTree = "<group>"; };
		C35F14BC2C8EE11200356C56 /* Assets.xcassets */ = {isa = PBXFileReference; lastKnownFileType = folder.assetcatalog; path = Assets.xcassets; sourceTree = "<group>"; };
		C35F14BF2C8EE11200356C56 /* Preview Assets.xcassets */ = {isa = PBXFileReference; lastKnownFileType = folder.assetcatalog; path = "Preview Assets.xcassets"; sourceTree = "<group>"; };
		C35F14C52C8EE11200356C56 /* IABG Game UMATests.xctest */ = {isa = PBXFileReference; explicitFileType = wrapper.cfbundle; includeInIndex = 0; path = "IABG Game UMATests.xctest"; sourceTree = BUILT_PRODUCTS_DIR; };
		C35F14C92C8EE11200356C56 /* IABG_Game_UMATests.swift */ = {isa = PBXFileReference; lastKnownFileType = sourcecode.swift; path = IABG_Game_UMATests.swift; sourceTree = "<group>"; };
		C35F14CF2C8EE11200356C56 /* IABG Game UMAUITests.xctest */ = {isa = PBXFileReference; explicitFileType = wrapper.cfbundle; includeInIndex = 0; path = "IABG Game UMAUITests.xctest"; sourceTree = BUILT_PRODUCTS_DIR; };
		C35F14D32C8EE11200356C56 /* IABG_Game_UMAUITests.swift */ = {isa = PBXFileReference; lastKnownFileType = sourcecode.swift; path = IABG_Game_UMAUITests.swift; sourceTree = "<group>"; };
		C35F14D52C8EE11200356C56 /* IABG_Game_UMAUITestsLaunchTests.swift */ = {isa = PBXFileReference; lastKnownFileType = sourcecode.swift; path = IABG_Game_UMAUITestsLaunchTests.swift; sourceTree = "<group>"; };
		C35F14E82C8F49EE00356C56 /* Localizable.xcstrings */ = {isa = PBXFileReference; lastKnownFileType = text.json.xcstrings; path = Localizable.xcstrings; sourceTree = "<group>"; };
		C369AE6C2D0842F800280B45 /* HeaderBar.swift */ = {isa = PBXFileReference; lastKnownFileType = sourcecode.swift; path = HeaderBar.swift; sourceTree = "<group>"; };
		C369AE6F2D0843F500280B45 /* ToggleStyles.swift */ = {isa = PBXFileReference; lastKnownFileType = sourcecode.swift; path = ToggleStyles.swift; sourceTree = "<group>"; };
		C38CC1AC2D2B0B4C00B75499 /* MainMenuAPI.swift */ = {isa = PBXFileReference; lastKnownFileType = sourcecode.swift; path = MainMenuAPI.swift; sourceTree = "<group>"; };
		C38CC1AF2D2B0FD200B75499 /* BaseAPI.swift */ = {isa = PBXFileReference; lastKnownFileType = sourcecode.swift; path = BaseAPI.swift; sourceTree = "<group>"; };
		C38CC1B52D2B106B00B75499 /* EndGameAPI.swift */ = {isa = PBXFileReference; lastKnownFileType = sourcecode.swift; path = EndGameAPI.swift; sourceTree = "<group>"; };
		C3A731962D19C4CD00308B98 /* MainMenuModel.swift */ = {isa = PBXFileReference; lastKnownFileType = sourcecode.swift; path = MainMenuModel.swift; sourceTree = "<group>"; };
		C3A731992D19CA6200308B98 /* Avatar.swift */ = {isa = PBXFileReference; lastKnownFileType = sourcecode.swift; path = Avatar.swift; sourceTree = "<group>"; };
		C3B0EA3F2D205AAA000E2474 /* StatisticsView.swift */ = {isa = PBXFileReference; lastKnownFileType = sourcecode.swift; path = StatisticsView.swift; sourceTree = "<group>"; };
		C3B0EA422D205C5A000E2474 /* StatisticsVM.swift */ = {isa = PBXFileReference; lastKnownFileType = sourcecode.swift; path = StatisticsVM.swift; sourceTree = "<group>"; };
		C3B0EA452D206395000E2474 /* ProfileView.swift */ = {isa = PBXFileReference; lastKnownFileType = sourcecode.swift; path = ProfileView.swift; sourceTree = "<group>"; };
		C3B0EA482D206DD0000E2474 /* ProfileVM.swift */ = {isa = PBXFileReference; lastKnownFileType = sourcecode.swift; path = ProfileVM.swift; sourceTree = "<group>"; };
		C3B0EA4B2D207074000E2474 /* Image.swift */ = {isa = PBXFileReference; lastKnownFileType = sourcecode.swift; path = Image.swift; sourceTree = "<group>"; };
		C3B4C3C02CB5A3B00075B638 /* LoginAPI.swift */ = {isa = PBXFileReference; lastKnownFileType = sourcecode.swift; path = LoginAPI.swift; sourceTree = "<group>"; };
		C3B4C3C32CB5A5A50075B638 /* APIServices.swift */ = {isa = PBXFileReference; lastKnownFileType = sourcecode.swift; path = APIServices.swift; sourceTree = "<group>"; };
		C3BD48842D186BF700EFA9DF /* ForgotPassView.swift */ = {isa = PBXFileReference; lastKnownFileType = sourcecode.swift; path = ForgotPassView.swift; sourceTree = "<group>"; };
		C3BD48872D187DFE00EFA9DF /* MainMenuView.swift */ = {isa = PBXFileReference; lastKnownFileType = sourcecode.swift; path = MainMenuView.swift; sourceTree = "<group>"; };
		C3BD488A2D18925E00EFA9DF /* MainMenuVM.swift */ = {isa = PBXFileReference; lastKnownFileType = sourcecode.swift; path = MainMenuVM.swift; sourceTree = "<group>"; };
		C3BDAB312CB6EC3100A2F752 /* String+Additions.swift */ = {isa = PBXFileReference; lastKnownFileType = sourcecode.swift; path = "String+Additions.swift"; sourceTree = "<group>"; };
		C3C199442C91E8B00059AA26 /* AppDelegate.swift */ = {isa = PBXFileReference; lastKnownFileType = sourcecode.swift; path = AppDelegate.swift; sourceTree = "<group>"; };
		C3C199472C91EF830059AA26 /* UserDefaults+Adittions.swift */ = {isa = PBXFileReference; lastKnownFileType = sourcecode.swift; path = "UserDefaults+Adittions.swift"; sourceTree = "<group>"; };
		C3C1994E2C91F2110059AA26 /* LevelModel.swift */ = {isa = PBXFileReference; lastKnownFileType = sourcecode.swift; path = LevelModel.swift; sourceTree = "<group>"; };
		C3C1997F2C91F7E80059AA26 /* UserModel.swift */ = {isa = PBXFileReference; lastKnownFileType = sourcecode.swift; path = UserModel.swift; sourceTree = "<group>"; };
		C3C199882C91F8900059AA26 /* LoginView.swift */ = {isa = PBXFileReference; lastKnownFileType = sourcecode.swift; path = LoginView.swift; sourceTree = "<group>"; };
		C3C1998B2C91F89A0059AA26 /* SplashView.swift */ = {isa = PBXFileReference; lastKnownFileType = sourcecode.swift; path = SplashView.swift; sourceTree = "<group>"; };
		C3C1998F2C91FC2B0059AA26 /* SplashGift.json */ = {isa = PBXFileReference; fileEncoding = 4; lastKnownFileType = text.json; name = SplashGift.json; path = ../../../ASSETS/Logos/SplashGift.json; sourceTree = "<group>"; };
		C3C199922C91FC810059AA26 /* LottieVM.swift */ = {isa = PBXFileReference; lastKnownFileType = sourcecode.swift; path = LottieVM.swift; sourceTree = "<group>"; };
		C3CA18082CB44B1200A6AF00 /* Constants.swift */ = {isa = PBXFileReference; lastKnownFileType = sourcecode.swift; path = Constants.swift; sourceTree = "<group>"; };
		C3CA180B2CB44E2C00A6AF00 /* LoginVM.swift */ = {isa = PBXFileReference; lastKnownFileType = sourcecode.swift; path = LoginVM.swift; sourceTree = "<group>"; };
		C3CA180E2CB4519300A6AF00 /* Buttons.swift */ = {isa = PBXFileReference; lastKnownFileType = sourcecode.swift; path = Buttons.swift; sourceTree = "<group>"; };
		C3CA18122CB451CE00A6AF00 /* TextField.swift */ = {isa = PBXFileReference; lastKnownFileType = sourcecode.swift; path = TextField.swift; sourceTree = "<group>"; };
		C3CA18152CB46D3400A6AF00 /* Validations.swift */ = {isa = PBXFileReference; lastKnownFileType = sourcecode.swift; path = Validations.swift; sourceTree = "<group>"; };
		C3DFA7652CDBE31F004F18E2 /* GoogleService-Info.plist */ = {isa = PBXFileReference; fileEncoding = 4; lastKnownFileType = text.plist.xml; path = "GoogleService-Info.plist"; sourceTree = "<group>"; };
/* End PBXFileReference section */

/* Begin PBXFrameworksBuildPhase section */
		C35F14B22C8EE11100356C56 /* Frameworks */ = {
			isa = PBXFrameworksBuildPhase;
			buildActionMask = 2147483647;
			files = (
				C35F14E72C8F09D400356C56 /* Lottie in Frameworks */,
				C3DFA76D2CDBE46C004F18E2 /* FirebaseStorage in Frameworks */,
				C3DFA7692CDBE46C004F18E2 /* FirebaseAuth in Frameworks */,
				C3DFA76B2CDBE46C004F18E2 /* FirebaseFirestore in Frameworks */,
			);
			runOnlyForDeploymentPostprocessing = 0;
		};
		C35F14C22C8EE11200356C56 /* Frameworks */ = {
			isa = PBXFrameworksBuildPhase;
			buildActionMask = 2147483647;
			files = (
				C3DFA76F2CDBE4DE004F18E2 /* FirebaseAuth in Frameworks */,
				C3DFA7712CDBE4DE004F18E2 /* FirebaseFirestore in Frameworks */,
				C3DFA7732CDBE4DE004F18E2 /* FirebaseStorage in Frameworks */,
			);
			runOnlyForDeploymentPostprocessing = 0;
		};
		C35F14CC2C8EE11200356C56 /* Frameworks */ = {
			isa = PBXFrameworksBuildPhase;
			buildActionMask = 2147483647;
			files = (
			);
			runOnlyForDeploymentPostprocessing = 0;
		};
/* End PBXFrameworksBuildPhase section */

/* Begin PBXGroup section */
		C35546392D1C2DB20035DCCF /* Scene */ = {
			isa = PBXGroup;
			children = (
				C355463A2D1C2DB90035DCCF /* GameScene.swift */,
			);
			path = Scene;
			sourceTree = "<group>";
		};
		C35F14AC2C8EE11100356C56 = {
			isa = PBXGroup;
			children = (
				C35F14B72C8EE11100356C56 /* IABG Game UMA */,
				C35F14C82C8EE11200356C56 /* IABG Game UMATests */,
				C35F14D22C8EE11200356C56 /* IABG Game UMAUITests */,
				C35F14B62C8EE11100356C56 /* Products */,
			);
			sourceTree = "<group>";
		};
		C35F14B62C8EE11100356C56 /* Products */ = {
			isa = PBXGroup;
			children = (
				C35F14B52C8EE11100356C56 /* IABG Game UMA.app */,
				C35F14C52C8EE11200356C56 /* IABG Game UMATests.xctest */,
				C35F14CF2C8EE11200356C56 /* IABG Game UMAUITests.xctest */,
			);
			name = Products;
			sourceTree = "<group>";
		};
		C35F14B72C8EE11100356C56 /* IABG Game UMA */ = {
			isa = PBXGroup;
			children = (
				C312D39C2D2C656F0057F354 /* IABG-Game-UMA-Info.plist */,
				C3DFA7652CDBE31F004F18E2 /* GoogleService-Info.plist */,
				C3B4C3BF2CB5A39E0075B638 /* API */,
				C3CA18072CB44AFF00A6AF00 /* Utils */,
				C3C1994D2C91F1DE0059AA26 /* Screen */,
				C3C199442C91E8B00059AA26 /* AppDelegate.swift */,
				C35F14B82C8EE11100356C56 /* IABG_Game_UMAApp.swift */,
				C35F14BA2C8EE11100356C56 /* ContentView.swift */,
				C35F14BC2C8EE11200356C56 /* Assets.xcassets */,
				C3C1998E2C91FA1A0059AA26 /* AssetsResource */,
				C35F14BE2C8EE11200356C56 /* Preview Content */,
				C35F14E82C8F49EE00356C56 /* Localizable.xcstrings */,
				C3C199472C91EF830059AA26 /* UserDefaults+Adittions.swift */,
			);
			path = "IABG Game UMA";
			sourceTree = "<group>";
		};
		C35F14BE2C8EE11200356C56 /* Preview Content */ = {
			isa = PBXGroup;
			children = (
				C35F14BF2C8EE11200356C56 /* Preview Assets.xcassets */,
			);
			path = "Preview Content";
			sourceTree = "<group>";
		};
		C35F14C82C8EE11200356C56 /* IABG Game UMATests */ = {
			isa = PBXGroup;
			children = (
				C35F14C92C8EE11200356C56 /* IABG_Game_UMATests.swift */,
			);
			path = "IABG Game UMATests";
			sourceTree = "<group>";
		};
		C35F14D22C8EE11200356C56 /* IABG Game UMAUITests */ = {
			isa = PBXGroup;
			children = (
				C35F14D32C8EE11200356C56 /* IABG_Game_UMAUITests.swift */,
				C35F14D52C8EE11200356C56 /* IABG_Game_UMAUITestsLaunchTests.swift */,
			);
			path = "IABG Game UMAUITests";
			sourceTree = "<group>";
		};
		C3B4C3BF2CB5A39E0075B638 /* API */ = {
			isa = PBXGroup;
			children = (
				C38CC1B52D2B106B00B75499 /* EndGameAPI.swift */,
				C38CC1AF2D2B0FD200B75499 /* BaseAPI.swift */,
				C38CC1AC2D2B0B4C00B75499 /* MainMenuAPI.swift */,
				C3B4C3C02CB5A3B00075B638 /* LoginAPI.swift */,
				C3B4C3C32CB5A5A50075B638 /* APIServices.swift */,
			);
			path = API;
			sourceTree = "<group>";
		};
		C3C1994A2C91F1B50059AA26 /* ViewModels */ = {
			isa = PBXGroup;
			children = (
				C3B0EA482D206DD0000E2474 /* ProfileVM.swift */,
				C3B0EA422D205C5A000E2474 /* StatisticsVM.swift */,
				C355464C2D1C73C20035DCCF /* EndGameVM.swift */,
				C3BD488A2D18925E00EFA9DF /* MainMenuVM.swift */,
				C3CA180B2CB44E2C00A6AF00 /* LoginVM.swift */,
				C3C199922C91FC810059AA26 /* LottieVM.swift */,
			);
			path = ViewModels;
			sourceTree = "<group>";
		};
		C3C1994B2C91F1C60059AA26 /* Models */ = {
			isa = PBXGroup;
			children = (
				C355463D2D1C2F2E0035DCCF /* GameModel.swift */,
				C3A731962D19C4CD00308B98 /* MainMenuModel.swift */,
				C3C1994E2C91F2110059AA26 /* LevelModel.swift */,
				C3C1997F2C91F7E80059AA26 /* UserModel.swift */,
			);
			path = Models;
			sourceTree = "<group>";
		};
		C3C1994C2C91F1CC0059AA26 /* Views */ = {
			isa = PBXGroup;
			children = (
				C3B0EA452D206395000E2474 /* ProfileView.swift */,
				C3B0EA3F2D205AAA000E2474 /* StatisticsView.swift */,
				C35546492D1C6F2E0035DCCF /* ResultinfoView.swift */,
				C35546432D1C3E050035DCCF /* EndGameView.swift */,
				C35546362D1C2A490035DCCF /* GameView.swift */,
				C3BD48872D187DFE00EFA9DF /* MainMenuView.swift */,
				C3BD48842D186BF700EFA9DF /* ForgotPassView.swift */,
				C3C199882C91F8900059AA26 /* LoginView.swift */,
				C3C1998B2C91F89A0059AA26 /* SplashView.swift */,
				C30ABC602CEE45C100E2A50C /* RegisterView.swift */,
			);
			path = Views;
			sourceTree = "<group>";
		};
		C3C1994D2C91F1DE0059AA26 /* Screen */ = {
			isa = PBXGroup;
			children = (
				C35546392D1C2DB20035DCCF /* Scene */,
				C3C1994B2C91F1C60059AA26 /* Models */,
				C3C1994C2C91F1CC0059AA26 /* Views */,
				C3C1994A2C91F1B50059AA26 /* ViewModels */,
			);
			path = Screen;
			sourceTree = "<group>";
		};
		C3C1998E2C91FA1A0059AA26 /* AssetsResource */ = {
			isa = PBXGroup;
			children = (
				C3C1998F2C91FC2B0059AA26 /* SplashGift.json */,
			);
			path = AssetsResource;
			sourceTree = "<group>";
		};
		C3CA18072CB44AFF00A6AF00 /* Utils */ = {
			isa = PBXGroup;
			children = (
				C3CA18112CB451B700A6AF00 /* Components */,
				C3CA18082CB44B1200A6AF00 /* Constants.swift */,
				C3CA18152CB46D3400A6AF00 /* Validations.swift */,
				C3BDAB312CB6EC3100A2F752 /* String+Additions.swift */,
			);
			path = Utils;
			sourceTree = "<group>";
		};
		C3CA18112CB451B700A6AF00 /* Components */ = {
			isa = PBXGroup;
			children = (
				C34E49362D307E9B00DFF544 /* Alert.swift */,
				C3B0EA4B2D207074000E2474 /* Image.swift */,
				C35546462D1C6D0B0035DCCF /* GridResult.swift */,
				C35546402D1C2F770035DCCF /* Random.swift */,
				C3A731992D19CA6200308B98 /* Avatar.swift */,
				C369AE6F2D0843F500280B45 /* ToggleStyles.swift */,
				C369AE6C2D0842F800280B45 /* HeaderBar.swift */,
				C3CA180E2CB4519300A6AF00 /* Buttons.swift */,
				C3CA18122CB451CE00A6AF00 /* TextField.swift */,
			);
			path = Components;
			sourceTree = "<group>";
		};
/* End PBXGroup section */

/* Begin PBXNativeTarget section */
		C35F14B42C8EE11100356C56 /* IABG Game UMA */ = {
			isa = PBXNativeTarget;
			buildConfigurationList = C35F14D92C8EE11200356C56 /* Build configuration list for PBXNativeTarget "IABG Game UMA" */;
			buildPhases = (
				C35F14B12C8EE11100356C56 /* Sources */,
				C35F14B22C8EE11100356C56 /* Frameworks */,
				C35F14B32C8EE11100356C56 /* Resources */,
			);
			buildRules = (
			);
			dependencies = (
			);
			name = "IABG Game UMA";
			packageProductDependencies = (
				C35F14E62C8F09D400356C56 /* Lottie */,
				C3DFA7682CDBE46C004F18E2 /* FirebaseAuth */,
				C3DFA76A2CDBE46C004F18E2 /* FirebaseFirestore */,
				C3DFA76C2CDBE46C004F18E2 /* FirebaseStorage */,
			);
			productName = "IABG Game UMA";
			productReference = C35F14B52C8EE11100356C56 /* IABG Game UMA.app */;
			productType = "com.apple.product-type.application";
		};
		C35F14C42C8EE11200356C56 /* IABG Game UMATests */ = {
			isa = PBXNativeTarget;
			buildConfigurationList = C35F14DC2C8EE11200356C56 /* Build configuration list for PBXNativeTarget "IABG Game UMATests" */;
			buildPhases = (
				C35F14C12C8EE11200356C56 /* Sources */,
				C35F14C22C8EE11200356C56 /* Frameworks */,
				C35F14C32C8EE11200356C56 /* Resources */,
			);
			buildRules = (
			);
			dependencies = (
				C35F14C72C8EE11200356C56 /* PBXTargetDependency */,
			);
			name = "IABG Game UMATests";
			packageProductDependencies = (
				C3DFA76E2CDBE4DE004F18E2 /* FirebaseAuth */,
				C3DFA7702CDBE4DE004F18E2 /* FirebaseFirestore */,
				C3DFA7722CDBE4DE004F18E2 /* FirebaseStorage */,
			);
			productName = "IABG Game UMATests";
			productReference = C35F14C52C8EE11200356C56 /* IABG Game UMATests.xctest */;
			productType = "com.apple.product-type.bundle.unit-test";
		};
		C35F14CE2C8EE11200356C56 /* IABG Game UMAUITests */ = {
			isa = PBXNativeTarget;
			buildConfigurationList = C35F14DF2C8EE11200356C56 /* Build configuration list for PBXNativeTarget "IABG Game UMAUITests" */;
			buildPhases = (
				C35F14CB2C8EE11200356C56 /* Sources */,
				C35F14CC2C8EE11200356C56 /* Frameworks */,
				C35F14CD2C8EE11200356C56 /* Resources */,
			);
			buildRules = (
			);
			dependencies = (
				C35F14D12C8EE11200356C56 /* PBXTargetDependency */,
			);
			name = "IABG Game UMAUITests";
			productName = "IABG Game UMAUITests";
			productReference = C35F14CF2C8EE11200356C56 /* IABG Game UMAUITests.xctest */;
			productType = "com.apple.product-type.bundle.ui-testing";
		};
/* End PBXNativeTarget section */

/* Begin PBXProject section */
		C35F14AD2C8EE11100356C56 /* Project object */ = {
			isa = PBXProject;
			attributes = {
				BuildIndependentTargetsInParallel = 1;
				LastSwiftUpdateCheck = 1520;
				LastUpgradeCheck = 1520;
				TargetAttributes = {
					C35F14B42C8EE11100356C56 = {
						CreatedOnToolsVersion = 15.2;
					};
					C35F14C42C8EE11200356C56 = {
						CreatedOnToolsVersion = 15.2;
						TestTargetID = C35F14B42C8EE11100356C56;
					};
					C35F14CE2C8EE11200356C56 = {
						CreatedOnToolsVersion = 15.2;
						TestTargetID = C35F14B42C8EE11100356C56;
					};
				};
			};
			buildConfigurationList = C35F14B02C8EE11100356C56 /* Build configuration list for PBXProject "IABG Game UMA" */;
			compatibilityVersion = "Xcode 14.0";
			developmentRegion = en;
			hasScannedForEncodings = 0;
			knownRegions = (
				en,
				es,
			);
			mainGroup = C35F14AC2C8EE11100356C56;
			packageReferences = (
				C35F14E52C8F09D400356C56 /* XCRemoteSwiftPackageReference "lottie-spm" */,
				C3DFA7672CDBE46C004F18E2 /* XCRemoteSwiftPackageReference "firebase-ios-sdk" */,
			);
			productRefGroup = C35F14B62C8EE11100356C56 /* Products */;
			projectDirPath = "";
			projectRoot = "";
			targets = (
				C35F14B42C8EE11100356C56 /* IABG Game UMA */,
				C35F14C42C8EE11200356C56 /* IABG Game UMATests */,
				C35F14CE2C8EE11200356C56 /* IABG Game UMAUITests */,
			);
		};
/* End PBXProject section */

/* Begin PBXResourcesBuildPhase section */
		C35F14B32C8EE11100356C56 /* Resources */ = {
			isa = PBXResourcesBuildPhase;
			buildActionMask = 2147483647;
			files = (
				C3DFA7662CDBE31F004F18E2 /* GoogleService-Info.plist in Resources */,
				C35F14C02C8EE11200356C56 /* Preview Assets.xcassets in Resources */,
				C35F14E92C8F49EE00356C56 /* Localizable.xcstrings in Resources */,
				C312D39E2D2C682F0057F354 /* IABG-Game-UMA-Info.plist in Resources */,
				C3C199902C91FC2B0059AA26 /* SplashGift.json in Resources */,
				C35F14BD2C8EE11200356C56 /* Assets.xcassets in Resources */,
			);
			runOnlyForDeploymentPostprocessing = 0;
		};
		C35F14C32C8EE11200356C56 /* Resources */ = {
			isa = PBXResourcesBuildPhase;
			buildActionMask = 2147483647;
			files = (
				C3C199912C91FC2B0059AA26 /* SplashGift.json in Resources */,
				C312D39F2D2C682F0057F354 /* IABG-Game-UMA-Info.plist in Resources */,
			);
			runOnlyForDeploymentPostprocessing = 0;
		};
		C35F14CD2C8EE11200356C56 /* Resources */ = {
			isa = PBXResourcesBuildPhase;
			buildActionMask = 2147483647;
			files = (
			);
			runOnlyForDeploymentPostprocessing = 0;
		};
/* End PBXResourcesBuildPhase section */

/* Begin PBXSourcesBuildPhase section */
		C35F14B12C8EE11100356C56 /* Sources */ = {
			isa = PBXSourcesBuildPhase;
			buildActionMask = 2147483647;
			files = (
				C3C199482C91EF830059AA26 /* UserDefaults+Adittions.swift in Sources */,
				C3CA18092CB44B1200A6AF00 /* Constants.swift in Sources */,
				C3C199452C91E8B00059AA26 /* AppDelegate.swift in Sources */,
				C355463C2D1C2DBE0035DCCF /* GameScene.swift in Sources */,
				C35546452D1C3E0B0035DCCF /* EndGameView.swift in Sources */,
				C3CA180F2CB4519300A6AF00 /* Buttons.swift in Sources */,
				C34E49382D307E9F00DFF544 /* Alert.swift in Sources */,
				C355463F2D1C2F340035DCCF /* GameModel.swift in Sources */,
				C35F14BB2C8EE11100356C56 /* ContentView.swift in Sources */,
				C3CA18132CB451CE00A6AF00 /* TextField.swift in Sources */,
				C3CA18162CB46D3400A6AF00 /* Validations.swift in Sources */,
				C38CC1B62D2B107200B75499 /* EndGameAPI.swift in Sources */,
				C3B0EA442D205C61000E2474 /* StatisticsVM.swift in Sources */,
				C3B4C3C12CB5A3B00075B638 /* LoginAPI.swift in Sources */,
				C3C199932C91FC810059AA26 /* LottieVM.swift in Sources */,
				C38CC1AD2D2B0B5500B75499 /* MainMenuAPI.swift in Sources */,
				C3B0EA4D2D207076000E2474 /* Image.swift in Sources */,
				C3A731982D19C4D200308B98 /* MainMenuModel.swift in Sources */,
				C3B0EA402D205AB7000E2474 /* StatisticsView.swift in Sources */,
				C3BD488C2D18926600EFA9DF /* MainMenuVM.swift in Sources */,
				C355464D2D1C73CA0035DCCF /* EndGameVM.swift in Sources */,
				C3BD48862D186C0000EFA9DF /* ForgotPassView.swift in Sources */,
				C30ABC612CEE45C100E2A50C /* RegisterView.swift in Sources */,
				C3A7319A2D19CA6700308B98 /* Avatar.swift in Sources */,
				C3C1994F2C91F2110059AA26 /* LevelModel.swift in Sources */,
				C3B0EA492D206DD5000E2474 /* ProfileVM.swift in Sources */,
				C35546482D1C6D0F0035DCCF /* GridResult.swift in Sources */,
				C3BD48882D187E0700EFA9DF /* MainMenuView.swift in Sources */,
				C3B4C3C42CB5A5A50075B638 /* APIServices.swift in Sources */,
				C355464B2D1C6F350035DCCF /* ResultinfoView.swift in Sources */,
				C3C199802C91F7E80059AA26 /* UserModel.swift in Sources */,
				C38CC1B02D2B0FD600B75499 /* BaseAPI.swift in Sources */,
				C3CA180C2CB44E2C00A6AF00 /* LoginVM.swift in Sources */,
				C3BDAB322CB6EC3100A2F752 /* String+Additions.swift in Sources */,
				C3B0EA472D206399000E2474 /* ProfileView.swift in Sources */,
				C369AE702D0843FC00280B45 /* ToggleStyles.swift in Sources */,
				C3C199892C91F8900059AA26 /* LoginView.swift in Sources */,
				C35F14B92C8EE11100356C56 /* IABG_Game_UMAApp.swift in Sources */,
				C369AE6D2D08430100280B45 /* HeaderBar.swift in Sources */,
				C35546382D1C2A4D0035DCCF /* GameView.swift in Sources */,
				C35546422D1C2F840035DCCF /* Random.swift in Sources */,
				C3C1998C2C91F89A0059AA26 /* SplashView.swift in Sources */,
			);
			runOnlyForDeploymentPostprocessing = 0;
		};
		C35F14C12C8EE11200356C56 /* Sources */ = {
			isa = PBXSourcesBuildPhase;
			buildActionMask = 2147483647;
			files = (
				C355463E2D1C2F340035DCCF /* GameModel.swift in Sources */,
				C3BD488B2D18926600EFA9DF /* MainMenuVM.swift in Sources */,
				C35546412D1C2F840035DCCF /* Random.swift in Sources */,
				C3BD48892D187E0700EFA9DF /* MainMenuView.swift in Sources */,
				C3BD48852D186C0000EFA9DF /* ForgotPassView.swift in Sources */,
				C3C199462C91E8CC0059AA26 /* AppDelegate.swift in Sources */,
				C3CA180D2CB44E2C00A6AF00 /* LoginVM.swift in Sources */,
				C38CC1B12D2B0FD600B75499 /* BaseAPI.swift in Sources */,
				C3B0EA412D205AB7000E2474 /* StatisticsView.swift in Sources */,
				C3B4C3C22CB5A3B00075B638 /* LoginAPI.swift in Sources */,
				C3C1998D2C91F89A0059AA26 /* SplashView.swift in Sources */,
				C3CA18142CB451CE00A6AF00 /* TextField.swift in Sources */,
				C35546442D1C3E0B0035DCCF /* EndGameView.swift in Sources */,
				C3A7319B2D19CA6700308B98 /* Avatar.swift in Sources */,
				C355464A2D1C6F350035DCCF /* ResultinfoView.swift in Sources */,
				C3B0EA4C2D207076000E2474 /* Image.swift in Sources */,
				C3CA18102CB4519300A6AF00 /* Buttons.swift in Sources */,
				C3A731972D19C4D200308B98 /* MainMenuModel.swift in Sources */,
				C34E49372D307E9F00DFF544 /* Alert.swift in Sources */,
				C3B0EA4A2D206DD5000E2474 /* ProfileVM.swift in Sources */,
				C3C1998A2C91F8900059AA26 /* LoginView.swift in Sources */,
				C35546372D1C2A4D0035DCCF /* GameView.swift in Sources */,
				C3C199492C91EF850059AA26 /* UserDefaults+Adittions.swift in Sources */,
				C369AE6E2D08430100280B45 /* HeaderBar.swift in Sources */,
				C3C199502C91F2110059AA26 /* LevelModel.swift in Sources */,
				C3CA180A2CB44B1200A6AF00 /* Constants.swift in Sources */,
				C35546472D1C6D0F0035DCCF /* GridResult.swift in Sources */,
				C38CC1AE2D2B0B5500B75499 /* MainMenuAPI.swift in Sources */,
				C3C199812C91F7E80059AA26 /* UserModel.swift in Sources */,
				C355463B2D1C2DBE0035DCCF /* GameScene.swift in Sources */,
				C3C199942C91FC810059AA26 /* LottieVM.swift in Sources */,
				C35F14CA2C8EE11200356C56 /* IABG_Game_UMATests.swift in Sources */,
				C3B0EA432D205C61000E2474 /* StatisticsVM.swift in Sources */,
				C38CC1B72D2B107200B75499 /* EndGameAPI.swift in Sources */,
				C355464E2D1C73CA0035DCCF /* EndGameVM.swift in Sources */,
				C3CA18172CB46D3400A6AF00 /* Validations.swift in Sources */,
				C369AE712D0843FC00280B45 /* ToggleStyles.swift in Sources */,
				C3B0EA462D206399000E2474 /* ProfileView.swift in Sources */,
				C3B4C3C52CB5A5A50075B638 /* APIServices.swift in Sources */,
			);
			runOnlyForDeploymentPostprocessing = 0;
		};
		C35F14CB2C8EE11200356C56 /* Sources */ = {
			isa = PBXSourcesBuildPhase;
			buildActionMask = 2147483647;
			files = (
				C35F14D42C8EE11200356C56 /* IABG_Game_UMAUITests.swift in Sources */,
				C35F14D62C8EE11200356C56 /* IABG_Game_UMAUITestsLaunchTests.swift in Sources */,
			);
			runOnlyForDeploymentPostprocessing = 0;
		};
/* End PBXSourcesBuildPhase section */

/* Begin PBXTargetDependency section */
		C35F14C72C8EE11200356C56 /* PBXTargetDependency */ = {
			isa = PBXTargetDependency;
			target = C35F14B42C8EE11100356C56 /* IABG Game UMA */;
			targetProxy = C35F14C62C8EE11200356C56 /* PBXContainerItemProxy */;
		};
		C35F14D12C8EE11200356C56 /* PBXTargetDependency */ = {
			isa = PBXTargetDependency;
			target = C35F14B42C8EE11100356C56 /* IABG Game UMA */;
			targetProxy = C35F14D02C8EE11200356C56 /* PBXContainerItemProxy */;
		};
/* End PBXTargetDependency section */

/* Begin XCBuildConfiguration section */
		C35F14D72C8EE11200356C56 /* Debug */ = {
			isa = XCBuildConfiguration;
			buildSettings = {
				ALWAYS_SEARCH_USER_PATHS = NO;
				ASSETCATALOG_COMPILER_GENERATE_SWIFT_ASSET_SYMBOL_EXTENSIONS = YES;
				CLANG_ANALYZER_NONNULL = YES;
				CLANG_ANALYZER_NUMBER_OBJECT_CONVERSION = YES_AGGRESSIVE;
				CLANG_CXX_LANGUAGE_STANDARD = "gnu++20";
				CLANG_ENABLE_MODULES = YES;
				CLANG_ENABLE_OBJC_ARC = YES;
				CLANG_ENABLE_OBJC_WEAK = YES;
				CLANG_WARN_BLOCK_CAPTURE_AUTORELEASING = YES;
				CLANG_WARN_BOOL_CONVERSION = YES;
				CLANG_WARN_COMMA = YES;
				CLANG_WARN_CONSTANT_CONVERSION = YES;
				CLANG_WARN_DEPRECATED_OBJC_IMPLEMENTATIONS = YES;
				CLANG_WARN_DIRECT_OBJC_ISA_USAGE = YES_ERROR;
				CLANG_WARN_DOCUMENTATION_COMMENTS = YES;
				CLANG_WARN_EMPTY_BODY = YES;
				CLANG_WARN_ENUM_CONVERSION = YES;
				CLANG_WARN_INFINITE_RECURSION = YES;
				CLANG_WARN_INT_CONVERSION = YES;
				CLANG_WARN_NON_LITERAL_NULL_CONVERSION = YES;
				CLANG_WARN_OBJC_IMPLICIT_RETAIN_SELF = YES;
				CLANG_WARN_OBJC_LITERAL_CONVERSION = YES;
				CLANG_WARN_OBJC_ROOT_CLASS = YES_ERROR;
				CLANG_WARN_QUOTED_INCLUDE_IN_FRAMEWORK_HEADER = YES;
				CLANG_WARN_RANGE_LOOP_ANALYSIS = YES;
				CLANG_WARN_STRICT_PROTOTYPES = YES;
				CLANG_WARN_SUSPICIOUS_MOVE = YES;
				CLANG_WARN_UNGUARDED_AVAILABILITY = YES_AGGRESSIVE;
				CLANG_WARN_UNREACHABLE_CODE = YES;
				CLANG_WARN__DUPLICATE_METHOD_MATCH = YES;
				COPY_PHASE_STRIP = NO;
				DEBUG_INFORMATION_FORMAT = dwarf;
				ENABLE_STRICT_OBJC_MSGSEND = YES;
				ENABLE_TESTABILITY = YES;
				ENABLE_USER_SCRIPT_SANDBOXING = YES;
				GCC_C_LANGUAGE_STANDARD = gnu17;
				GCC_DYNAMIC_NO_PIC = NO;
				GCC_NO_COMMON_BLOCKS = YES;
				GCC_OPTIMIZATION_LEVEL = 0;
				GCC_PREPROCESSOR_DEFINITIONS = (
					"DEBUG=1",
					"$(inherited)",
				);
				GCC_WARN_64_TO_32_BIT_CONVERSION = YES;
				GCC_WARN_ABOUT_RETURN_TYPE = YES_ERROR;
				GCC_WARN_UNDECLARED_SELECTOR = YES;
				GCC_WARN_UNINITIALIZED_AUTOS = YES_AGGRESSIVE;
				GCC_WARN_UNUSED_FUNCTION = YES;
				GCC_WARN_UNUSED_VARIABLE = YES;
				IPHONEOS_DEPLOYMENT_TARGET = 17.2;
				LOCALIZATION_PREFERS_STRING_CATALOGS = YES;
				MTL_ENABLE_DEBUG_INFO = INCLUDE_SOURCE;
				MTL_FAST_MATH = YES;
				ONLY_ACTIVE_ARCH = YES;
				SDKROOT = iphoneos;
				SWIFT_ACTIVE_COMPILATION_CONDITIONS = "DEBUG $(inherited)";
				SWIFT_OPTIMIZATION_LEVEL = "-Onone";
			};
			name = Debug;
		};
		C35F14D82C8EE11200356C56 /* Release */ = {
			isa = XCBuildConfiguration;
			buildSettings = {
				ALWAYS_SEARCH_USER_PATHS = NO;
				ASSETCATALOG_COMPILER_GENERATE_SWIFT_ASSET_SYMBOL_EXTENSIONS = YES;
				CLANG_ANALYZER_NONNULL = YES;
				CLANG_ANALYZER_NUMBER_OBJECT_CONVERSION = YES_AGGRESSIVE;
				CLANG_CXX_LANGUAGE_STANDARD = "gnu++20";
				CLANG_ENABLE_MODULES = YES;
				CLANG_ENABLE_OBJC_ARC = YES;
				CLANG_ENABLE_OBJC_WEAK = YES;
				CLANG_WARN_BLOCK_CAPTURE_AUTORELEASING = YES;
				CLANG_WARN_BOOL_CONVERSION = YES;
				CLANG_WARN_COMMA = YES;
				CLANG_WARN_CONSTANT_CONVERSION = YES;
				CLANG_WARN_DEPRECATED_OBJC_IMPLEMENTATIONS = YES;
				CLANG_WARN_DIRECT_OBJC_ISA_USAGE = YES_ERROR;
				CLANG_WARN_DOCUMENTATION_COMMENTS = YES;
				CLANG_WARN_EMPTY_BODY = YES;
				CLANG_WARN_ENUM_CONVERSION = YES;
				CLANG_WARN_INFINITE_RECURSION = YES;
				CLANG_WARN_INT_CONVERSION = YES;
				CLANG_WARN_NON_LITERAL_NULL_CONVERSION = YES;
				CLANG_WARN_OBJC_IMPLICIT_RETAIN_SELF = YES;
				CLANG_WARN_OBJC_LITERAL_CONVERSION = YES;
				CLANG_WARN_OBJC_ROOT_CLASS = YES_ERROR;
				CLANG_WARN_QUOTED_INCLUDE_IN_FRAMEWORK_HEADER = YES;
				CLANG_WARN_RANGE_LOOP_ANALYSIS = YES;
				CLANG_WARN_STRICT_PROTOTYPES = YES;
				CLANG_WARN_SUSPICIOUS_MOVE = YES;
				CLANG_WARN_UNGUARDED_AVAILABILITY = YES_AGGRESSIVE;
				CLANG_WARN_UNREACHABLE_CODE = YES;
				CLANG_WARN__DUPLICATE_METHOD_MATCH = YES;
				COPY_PHASE_STRIP = NO;
				DEBUG_INFORMATION_FORMAT = "dwarf-with-dsym";
				ENABLE_NS_ASSERTIONS = NO;
				ENABLE_STRICT_OBJC_MSGSEND = YES;
				ENABLE_USER_SCRIPT_SANDBOXING = YES;
				GCC_C_LANGUAGE_STANDARD = gnu17;
				GCC_NO_COMMON_BLOCKS = YES;
				GCC_WARN_64_TO_32_BIT_CONVERSION = YES;
				GCC_WARN_ABOUT_RETURN_TYPE = YES_ERROR;
				GCC_WARN_UNDECLARED_SELECTOR = YES;
				GCC_WARN_UNINITIALIZED_AUTOS = YES_AGGRESSIVE;
				GCC_WARN_UNUSED_FUNCTION = YES;
				GCC_WARN_UNUSED_VARIABLE = YES;
				IPHONEOS_DEPLOYMENT_TARGET = 17.2;
				LOCALIZATION_PREFERS_STRING_CATALOGS = YES;
				MTL_ENABLE_DEBUG_INFO = NO;
				MTL_FAST_MATH = YES;
				SDKROOT = iphoneos;
				SWIFT_COMPILATION_MODE = wholemodule;
				VALIDATE_PRODUCT = YES;
			};
			name = Release;
		};
		C35F14DA2C8EE11200356C56 /* Debug */ = {
			isa = XCBuildConfiguration;
			buildSettings = {
				ASSETCATALOG_COMPILER_APPICON_NAME = AppIcon;
				ASSETCATALOG_COMPILER_GLOBAL_ACCENT_COLOR_NAME = AccentColor;
				CODE_SIGN_STYLE = Automatic;
				CURRENT_PROJECT_VERSION = 1;
				DEVELOPMENT_ASSET_PATHS = "\"IABG Game UMA/Preview Content\"";
				DEVELOPMENT_TEAM = PJWZUAKUU6;
				ENABLE_PREVIEWS = YES;
				GENERATE_INFOPLIST_FILE = YES;
				INFOPLIST_FILE = "/Users/diegosanchez/Documents/ESTUDIOS/PROYECTO TFG/2024/IABG Game UMA/IABG Game UMA/IABG-Game-UMA-Info.plist";
				INFOPLIST_KEY_UIApplicationSceneManifest_Generation = YES;
				INFOPLIST_KEY_UIApplicationSupportsIndirectInputEvents = YES;
				INFOPLIST_KEY_UILaunchScreen_Generation = YES;
				INFOPLIST_KEY_UISupportedInterfaceOrientations_iPad = "UIInterfaceOrientationPortrait UIInterfaceOrientationPortraitUpsideDown UIInterfaceOrientationLandscapeLeft UIInterfaceOrientationLandscapeRight";
				INFOPLIST_KEY_UISupportedInterfaceOrientations_iPhone = "UIInterfaceOrientationPortrait UIInterfaceOrientationLandscapeLeft UIInterfaceOrientationLandscapeRight";
				LD_RUNPATH_SEARCH_PATHS = (
					"$(inherited)",
					"@executable_path/Frameworks",
				);
				MARKETING_VERSION = 1.0;
				PRODUCT_BUNDLE_IDENTIFIER = "dsgUMA.IABG-Game-UMA";
				PRODUCT_NAME = "$(TARGET_NAME)";
				SWIFT_EMIT_LOC_STRINGS = YES;
				SWIFT_VERSION = 5.0;
				TARGETED_DEVICE_FAMILY = "1,2";
			};
			name = Debug;
		};
		C35F14DB2C8EE11200356C56 /* Release */ = {
			isa = XCBuildConfiguration;
			buildSettings = {
				ASSETCATALOG_COMPILER_APPICON_NAME = AppIcon;
				ASSETCATALOG_COMPILER_GLOBAL_ACCENT_COLOR_NAME = AccentColor;
				CODE_SIGN_STYLE = Automatic;
				CURRENT_PROJECT_VERSION = 1;
				DEVELOPMENT_ASSET_PATHS = "\"IABG Game UMA/Preview Content\"";
				DEVELOPMENT_TEAM = PJWZUAKUU6;
				ENABLE_PREVIEWS = YES;
				GENERATE_INFOPLIST_FILE = YES;
				INFOPLIST_FILE = "/Users/diegosanchez/Documents/ESTUDIOS/PROYECTO TFG/2024/IABG Game UMA/IABG Game UMA/IABG-Game-UMA-Info.plist";
				INFOPLIST_KEY_UIApplicationSceneManifest_Generation = YES;
				INFOPLIST_KEY_UIApplicationSupportsIndirectInputEvents = YES;
				INFOPLIST_KEY_UILaunchScreen_Generation = YES;
				INFOPLIST_KEY_UISupportedInterfaceOrientations_iPad = "UIInterfaceOrientationPortrait UIInterfaceOrientationPortraitUpsideDown UIInterfaceOrientationLandscapeLeft UIInterfaceOrientationLandscapeRight";
				INFOPLIST_KEY_UISupportedInterfaceOrientations_iPhone = "UIInterfaceOrientationPortrait UIInterfaceOrientationLandscapeLeft UIInterfaceOrientationLandscapeRight";
				LD_RUNPATH_SEARCH_PATHS = (
					"$(inherited)",
					"@executable_path/Frameworks",
				);
				MARKETING_VERSION = 1.0;
				PRODUCT_BUNDLE_IDENTIFIER = "dsgUMA.IABG-Game-UMA";
				PRODUCT_NAME = "$(TARGET_NAME)";
				SWIFT_EMIT_LOC_STRINGS = YES;
				SWIFT_VERSION = 5.0;
				TARGETED_DEVICE_FAMILY = "1,2";
			};
			name = Release;
		};
		C35F14DD2C8EE11200356C56 /* Debug */ = {
			isa = XCBuildConfiguration;
			buildSettings = {
				ALWAYS_EMBED_SWIFT_STANDARD_LIBRARIES = YES;
				BUNDLE_LOADER = "$(TEST_HOST)";
				CODE_SIGN_STYLE = Automatic;
				CURRENT_PROJECT_VERSION = 1;
				DEVELOPMENT_TEAM = PJWZUAKUU6;
				GENERATE_INFOPLIST_FILE = YES;
				IPHONEOS_DEPLOYMENT_TARGET = 17.2;
				MARKETING_VERSION = 1.0;
				PRODUCT_BUNDLE_IDENTIFIER = "dsgUMA.IABG-Game-UMATests";
				PRODUCT_NAME = "$(TARGET_NAME)";
				SWIFT_EMIT_LOC_STRINGS = NO;
				SWIFT_VERSION = 5.0;
				TARGETED_DEVICE_FAMILY = "1,2";
				TEST_HOST = "$(BUILT_PRODUCTS_DIR)/IABG Game UMA.app/$(BUNDLE_EXECUTABLE_FOLDER_PATH)/IABG Game UMA";
			};
			name = Debug;
		};
		C35F14DE2C8EE11200356C56 /* Release */ = {
			isa = XCBuildConfiguration;
			buildSettings = {
				ALWAYS_EMBED_SWIFT_STANDARD_LIBRARIES = YES;
				BUNDLE_LOADER = "$(TEST_HOST)";
				CODE_SIGN_STYLE = Automatic;
				CURRENT_PROJECT_VERSION = 1;
				DEVELOPMENT_TEAM = PJWZUAKUU6;
				GENERATE_INFOPLIST_FILE = YES;
				IPHONEOS_DEPLOYMENT_TARGET = 17.2;
				MARKETING_VERSION = 1.0;
				PRODUCT_BUNDLE_IDENTIFIER = "dsgUMA.IABG-Game-UMATests";
				PRODUCT_NAME = "$(TARGET_NAME)";
				SWIFT_EMIT_LOC_STRINGS = NO;
				SWIFT_VERSION = 5.0;
				TARGETED_DEVICE_FAMILY = "1,2";
				TEST_HOST = "$(BUILT_PRODUCTS_DIR)/IABG Game UMA.app/$(BUNDLE_EXECUTABLE_FOLDER_PATH)/IABG Game UMA";
			};
			name = Release;
		};
		C35F14E02C8EE11200356C56 /* Debug */ = {
			isa = XCBuildConfiguration;
			buildSettings = {
				ALWAYS_EMBED_SWIFT_STANDARD_LIBRARIES = YES;
				CODE_SIGN_STYLE = Automatic;
				CURRENT_PROJECT_VERSION = 1;
				DEVELOPMENT_TEAM = PJWZUAKUU6;
				GENERATE_INFOPLIST_FILE = YES;
				MARKETING_VERSION = 1.0;
				PRODUCT_BUNDLE_IDENTIFIER = "dsgUMA.IABG-Game-UMAUITests";
				PRODUCT_NAME = "$(TARGET_NAME)";
				SWIFT_EMIT_LOC_STRINGS = NO;
				SWIFT_VERSION = 5.0;
				TARGETED_DEVICE_FAMILY = "1,2";
				TEST_TARGET_NAME = "IABG Game UMA";
			};
			name = Debug;
		};
		C35F14E12C8EE11200356C56 /* Release */ = {
			isa = XCBuildConfiguration;
			buildSettings = {
				ALWAYS_EMBED_SWIFT_STANDARD_LIBRARIES = YES;
				CODE_SIGN_STYLE = Automatic;
				CURRENT_PROJECT_VERSION = 1;
				DEVELOPMENT_TEAM = PJWZUAKUU6;
				GENERATE_INFOPLIST_FILE = YES;
				MARKETING_VERSION = 1.0;
				PRODUCT_BUNDLE_IDENTIFIER = "dsgUMA.IABG-Game-UMAUITests";
				PRODUCT_NAME = "$(TARGET_NAME)";
				SWIFT_EMIT_LOC_STRINGS = NO;
				SWIFT_VERSION = 5.0;
				TARGETED_DEVICE_FAMILY = "1,2";
				TEST_TARGET_NAME = "IABG Game UMA";
			};
			name = Release;
		};
/* End XCBuildConfiguration section */

/* Begin XCConfigurationList section */
		C35F14B02C8EE11100356C56 /* Build configuration list for PBXProject "IABG Game UMA" */ = {
			isa = XCConfigurationList;
			buildConfigurations = (
				C35F14D72C8EE11200356C56 /* Debug */,
				C35F14D82C8EE11200356C56 /* Release */,
			);
			defaultConfigurationIsVisible = 0;
			defaultConfigurationName = Release;
		};
		C35F14D92C8EE11200356C56 /* Build configuration list for PBXNativeTarget "IABG Game UMA" */ = {
			isa = XCConfigurationList;
			buildConfigurations = (
				C35F14DA2C8EE11200356C56 /* Debug */,
				C35F14DB2C8EE11200356C56 /* Release */,
			);
			defaultConfigurationIsVisible = 0;
			defaultConfigurationName = Release;
		};
		C35F14DC2C8EE11200356C56 /* Build configuration list for PBXNativeTarget "IABG Game UMATests" */ = {
			isa = XCConfigurationList;
			buildConfigurations = (
				C35F14DD2C8EE11200356C56 /* Debug */,
				C35F14DE2C8EE11200356C56 /* Release */,
			);
			defaultConfigurationIsVisible = 0;
			defaultConfigurationName = Release;
		};
		C35F14DF2C8EE11200356C56 /* Build configuration list for PBXNativeTarget "IABG Game UMAUITests" */ = {
			isa = XCConfigurationList;
			buildConfigurations = (
				C35F14E02C8EE11200356C56 /* Debug */,
				C35F14E12C8EE11200356C56 /* Release */,
			);
			defaultConfigurationIsVisible = 0;
			defaultConfigurationName = Release;
		};
/* End XCConfigurationList section */

/* Begin XCRemoteSwiftPackageReference section */
		C35F14E52C8F09D400356C56 /* XCRemoteSwiftPackageReference "lottie-spm" */ = {
			isa = XCRemoteSwiftPackageReference;
			repositoryURL = "https://github.com/airbnb/lottie-spm.git";
			requirement = {
				kind = upToNextMajorVersion;
				minimumVersion = 4.5.0;
			};
		};
		C3DFA7672CDBE46C004F18E2 /* XCRemoteSwiftPackageReference "firebase-ios-sdk" */ = {
			isa = XCRemoteSwiftPackageReference;
			repositoryURL = "https://github.com/firebase/firebase-ios-sdk";
			requirement = {
				kind = upToNextMajorVersion;
				minimumVersion = 11.4.0;
			};
		};
/* End XCRemoteSwiftPackageReference section */

/* Begin XCSwiftPackageProductDependency section */
		C35F14E62C8F09D400356C56 /* Lottie */ = {
			isa = XCSwiftPackageProductDependency;
			package = C35F14E52C8F09D400356C56 /* XCRemoteSwiftPackageReference "lottie-spm" */;
			productName = Lottie;
		};
		C3DFA7682CDBE46C004F18E2 /* FirebaseAuth */ = {
			isa = XCSwiftPackageProductDependency;
			package = C3DFA7672CDBE46C004F18E2 /* XCRemoteSwiftPackageReference "firebase-ios-sdk" */;
			productName = FirebaseAuth;
		};
		C3DFA76A2CDBE46C004F18E2 /* FirebaseFirestore */ = {
			isa = XCSwiftPackageProductDependency;
			package = C3DFA7672CDBE46C004F18E2 /* XCRemoteSwiftPackageReference "firebase-ios-sdk" */;
			productName = FirebaseFirestore;
		};
		C3DFA76C2CDBE46C004F18E2 /* FirebaseStorage */ = {
			isa = XCSwiftPackageProductDependency;
			package = C3DFA7672CDBE46C004F18E2 /* XCRemoteSwiftPackageReference "firebase-ios-sdk" */;
			productName = FirebaseStorage;
		};
		C3DFA76E2CDBE4DE004F18E2 /* FirebaseAuth */ = {
			isa = XCSwiftPackageProductDependency;
			package = C3DFA7672CDBE46C004F18E2 /* XCRemoteSwiftPackageReference "firebase-ios-sdk" */;
			productName = FirebaseAuth;
		};
		C3DFA7702CDBE4DE004F18E2 /* FirebaseFirestore */ = {
			isa = XCSwiftPackageProductDependency;
			package = C3DFA7672CDBE46C004F18E2 /* XCRemoteSwiftPackageReference "firebase-ios-sdk" */;
			productName = FirebaseFirestore;
		};
		C3DFA7722CDBE4DE004F18E2 /* FirebaseStorage */ = {
			isa = XCSwiftPackageProductDependency;
			package = C3DFA7672CDBE46C004F18E2 /* XCRemoteSwiftPackageReference "firebase-ios-sdk" */;
			productName = FirebaseStorage;
		};
/* End XCSwiftPackageProductDependency section */
	};
	rootObject = C35F14AD2C8EE11100356C56 /* Project object */;
}
